
Microsoft Visual Studio Solution File, Format Version 12.00
# Visual Studio 15
VisualStudioVersion = 15.0.27130.2024
MinimumVisualStudioVersion = 10.0.40219.1
Project("{FAE04EC0-301F-11D3-BF4B-00C04F79EFBC}") = "XamarinMasterDetailPage.Android", "XamarinMasterDetailPage\XamarinMasterDetailPage.Android\XamarinMasterDetailPage.Android.csproj", "{5A99CFBE-CF8F-4B76-BCD0-4022A742AD8D}"
EndProject
Project("{FAE04EC0-301F-11D3-BF4B-00C04F79EFBC}") = "XamarinMasterDetailPage.iOS", "XamarinMasterDetailPage\XamarinMasterDetailPage.iOS\XamarinMasterDetailPage.iOS.csproj", "{F5CAEFD1-B187-44DA-87B8-481E7553227B}"
EndProject
Project("{FAE04EC0-301F-11D3-BF4B-00C04F79EFBC}") = "XamarinMasterDetailPage", "XamarinMasterDetailPage\XamarinMasterDetailPage\XamarinMasterDetailPage.csproj", "{4E6E6F0D-6E0E-48D6-8400-6AC9EF62D859}"
EndProject
Global
	GlobalSection(SolutionConfigurationPlatforms) = preSolution
		Ad-Hoc|Any CPU = Ad-Hoc|Any CPU
		Ad-Hoc|iPhone = Ad-Hoc|iPhone
		Ad-Hoc|iPhoneSimulator = Ad-Hoc|iPhoneSimulator
		AppStore|Any CPU = AppStore|Any CPU
		AppStore|iPhone = AppStore|iPhone
		AppStore|iPhoneSimulator = AppStore|iPhoneSimulator
		Debug|Any CPU = Debug|Any CPU
		Debug|iPhone = Debug|iPhone
		Debug|iPhoneSimulator = Debug|iPhoneSimulator
		Release|Any CPU = Release|Any CPU
		Release|iPhone = Release|iPhone
		Release|iPhoneSimulator = Release|iPhoneSimulator
	EndGlobalSection
	GlobalSection(ProjectConfigurationPlatforms) = postSolution
		{5A99CFBE-CF8F-4B76-BCD0-4022A742AD8D}.Ad-Hoc|Any CPU.ActiveCfg = Release|Any CPU
		{5A99CFBE-CF8F-4B76-BCD0-4022A742AD8D}.Ad-Hoc|Any CPU.Build.0 = Release|Any CPU
		{5A99CFBE-CF8F-4B76-BCD0-4022A742AD8D}.Ad-Hoc|Any CPU.Deploy.0 = Release|Any CPU
		{5A99CFBE-CF8F-4B76-BCD0-4022A742AD8D}.Ad-Hoc|iPhone.ActiveCfg = Release|Any CPU
		{5A99CFBE-CF8F-4B76-BCD0-4022A742AD8D}.Ad-Hoc|iPhone.Build.0 = Release|Any CPU
		{5A99CFBE-CF8F-4B76-BCD0-4022A742AD8D}.Ad-Hoc|iPhone.Deploy.0 = Release|Any CPU
		{5A99CFBE-CF8F-4B76-BCD0-4022A742AD8D}.Ad-Hoc|iPhoneSimulator.ActiveCfg = Release|Any CPU
		{5A99CFBE-CF8F-4B76-BCD0-4022A742AD8D}.Ad-Hoc|iPhoneSimulator.Build.0 = Release|Any CPU
		{5A99CFBE-CF8F-4B76-BCD0-4022A742AD8D}.Ad-Hoc|iPhoneSimulator.Deploy.0 = Release|Any CPU
		{5A99CFBE-CF8F-4B76-BCD0-4022A742AD8D}.AppStore|Any CPU.ActiveCfg = Release|Any CPU
		{5A99CFBE-CF8F-4B76-BCD0-4022A742AD8D}.AppStore|Any CPU.Build.0 = Release|Any CPU
		{5A99CFBE-CF8F-4B76-BCD0-4022A742AD8D}.AppStore|Any CPU.Deploy.0 = Release|Any CPU
		{5A99CFBE-CF8F-4B76-BCD0-4022A742AD8D}.AppStore|iPhone.ActiveCfg = Release|Any CPU
		{5A99CFBE-CF8F-4B76-BCD0-4022A742AD8D}.AppStore|iPhone.Build.0 = Release|Any CPU
		{5A99CFBE-CF8F-4B76-BCD0-4022A742AD8D}.AppStore|iPhone.Deploy.0 = Release|Any CPU
		{5A99CFBE-CF8F-4B76-BCD0-4022A742AD8D}.AppStore|iPhoneSimulator.ActiveCfg = Release|Any CPU
		{5A99CFBE-CF8F-4B76-BCD0-4022A742AD8D}.AppStore|iPhoneSimulator.Build.0 = Release|Any CPU
		{5A99CFBE-CF8F-4B76-BCD0-4022A742AD8D}.AppStore|iPhoneSimulator.Deploy.0 = Release|Any CPU
		{5A99CFBE-CF8F-4B76-BCD0-4022A742AD8D}.Debug|Any CPU.ActiveCfg = Debug|Any CPU
		{5A99CFBE-CF8F-4B76-BCD0-4022A742AD8D}.Debug|Any CPU.Build.0 = Debug|Any CPU
		{5A99CFBE-CF8F-4B76-BCD0-4022A742AD8D}.Debug|Any CPU.Deploy.0 = Debug|Any CPU
		{5A99CFBE-CF8F-4B76-BCD0-4022A742AD8D}.Debug|iPhone.ActiveCfg = Debug|Any CPU
		{5A99CFBE-CF8F-4B76-BCD0-4022A742AD8D}.Debug|iPhone.Build.0 = Debug|Any CPU
		{5A99CFBE-CF8F-4B76-BCD0-4022A742AD8D}.Debug|iPhone.Deploy.0 = Debug|Any CPU
		{5A99CFBE-CF8F-4B76-BCD0-4022A742AD8D}.Debug|iPhoneSimulator.ActiveCfg = Debug|Any CPU
		{5A99CFBE-CF8F-4B76-BCD0-4022A742AD8D}.Debug|iPhoneSimulator.Build.0 = Debug|Any CPU
		{5A99CFBE-CF8F-4B76-BCD0-4022A742AD8D}.Debug|iPhoneSimulator.Deploy.0 = Debug|Any CPU
		{5A99CFBE-CF8F-4B76-BCD0-4022A742AD8D}.Release|Any CPU.ActiveCfg = Release|Any CPU
		{5A99CFBE-CF8F-4B76-BCD0-4022A742AD8D}.Release|Any CPU.Build.0 = Release|Any CPU
		{5A99CFBE-CF8F-4B76-BCD0-4022A742AD8D}.Release|Any CPU.Deploy.0 = Release|Any CPU
		{5A99CFBE-CF8F-4B76-BCD0-4022A742AD8D}.Release|iPhone.ActiveCfg = Release|Any CPU
		{5A99CFBE-CF8F-4B76-BCD0-4022A742AD8D}.Release|iPhone.Build.0 = Release|Any CPU
		{5A99CFBE-CF8F-4B76-BCD0-4022A742AD8D}.Release|iPhone.Deploy.0 = Release|Any CPU
		{5A99CFBE-CF8F-4B76-BCD0-4022A742AD8D}.Release|iPhoneSimulator.ActiveCfg = Release|Any CPU
		{5A99CFBE-CF8F-4B76-BCD0-4022A742AD8D}.Release|iPhoneSimulator.Build.0 = Release|Any CPU
		{5A99CFBE-CF8F-4B76-BCD0-4022A742AD8D}.Release|iPhoneSimulator.Deploy.0 = Release|Any CPU
		{F5CAEFD1-B187-44DA-87B8-481E7553227B}.Ad-Hoc|Any CPU.ActiveCfg = Ad-Hoc|iPhone
		{F5CAEFD1-B187-44DA-87B8-481E7553227B}.Ad-Hoc|iPhone.ActiveCfg = Ad-Hoc|iPhone
		{F5CAEFD1-B187-44DA-87B8-481E7553227B}.Ad-Hoc|iPhone.Build.0 = Ad-Hoc|iPhone
		{F5CAEFD1-B187-44DA-87B8-481E7553227B}.Ad-Hoc|iPhoneSimulator.ActiveCfg = Ad-Hoc|iPhoneSimulator
		{F5CAEFD1-B187-44DA-87B8-481E7553227B}.Ad-Hoc|iPhoneSimulator.Build.0 = Ad-Hoc|iPhoneSimulator
		{F5CAEFD1-B187-44DA-87B8-481E7553227B}.AppStore|Any CPU.ActiveCfg = AppStore|iPhone
		{F5CAEFD1-B187-44DA-87B8-481E7553227B}.AppStore|iPhone.ActiveCfg = AppStore|iPhone
		{F5CAEFD1-B187-44DA-87B8-481E7553227B}.AppStore|iPhone.Build.0 = AppStore|iPhone
		{F5CAEFD1-B187-44DA-87B8-481E7553227B}.AppStore|iPhoneSimulator.ActiveCfg = AppStore|iPhoneSimulator
		{F5CAEFD1-B187-44DA-87B8-481E7553227B}.AppStore|iPhoneSimulator.Build.0 = AppStore|iPhoneSimulator
		{F5CAEFD1-B187-44DA-87B8-481E7553227B}.Debug|Any CPU.ActiveCfg = Debug|iPhone
		{F5CAEFD1-B187-44DA-87B8-481E7553227B}.Debug|iPhone.ActiveCfg = Debug|iPhone
		{F5CAEFD1-B187-44DA-87B8-481E7553227B}.Debug|iPhone.Build.0 = Debug|iPhone
		{F5CAEFD1-B187-44DA-87B8-481E7553227B}.Debug|iPhoneSimulator.ActiveCfg = Debug|iPhoneSimulator
		{F5CAEFD1-B187-44DA-87B8-481E7553227B}.Debug|iPhoneSimulator.Build.0 = Debug|iPhoneSimulator
		{F5CAEFD1-B187-44DA-87B8-481E7553227B}.Release|Any CPU.ActiveCfg = Release|iPhone
		{F5CAEFD1-B187-44DA-87B8-481E7553227B}.Release|iPhone.ActiveCfg = Release|iPhone
		{F5CAEFD1-B187-44DA-87B8-481E7553227B}.Release|iPhone.Build.0 = Release|iPhone
		{F5CAEFD1-B187-44DA-87B8-481E7553227B}.Release|iPhoneSimulator.ActiveCfg = Release|iPhoneSimulator
		{F5CAEFD1-B187-44DA-87B8-481E7553227B}.Release|iPhoneSimulator.Build.0 = Release|iPhoneSimulator
		{4E6E6F0D-6E0E-48D6-8400-6AC9EF62D859}.Ad-Hoc|Any CPU.ActiveCfg = Debug|Any CPU
		{4E6E6F0D-6E0E-48D6-8400-6AC9EF62D859}.Ad-Hoc|Any CPU.Build.0 = Debug|Any CPU
		{4E6E6F0D-6E0E-48D6-8400-6AC9EF62D859}.Ad-Hoc|iPhone.ActiveCfg = Debug|Any CPU
		{4E6E6F0D-6E0E-48D6-8400-6AC9EF62D859}.Ad-Hoc|iPhone.Build.0 = Debug|Any CPU
		{4E6E6F0D-6E0E-48D6-8400-6AC9EF62D859}.Ad-Hoc|iPhoneSimulator.ActiveCfg = Debug|Any CPU
		{4E6E6F0D-6E0E-48D6-8400-6AC9EF62D859}.Ad-Hoc|iPhoneSimulator.Build.0 = Debug|Any CPU
		{4E6E6F0D-6E0E-48D6-8400-6AC9EF62D859}.AppStore|Any CPU.ActiveCfg = Debug|Any CPU
		{4E6E6F0D-6E0E-48D6-8400-6AC9EF62D859}.AppStore|Any CPU.Build.0 = Debug|Any CPU
		{4E6E6F0D-6E0E-48D6-8400-6AC9EF62D859}.AppStore|iPhone.ActiveCfg = Debug|Any CPU
		{4E6E6F0D-6E0E-48D6-8400-6AC9EF62D859}.AppStore|iPhone.Build.0 = Debug|Any CPU
		{4E6E6F0D-6E0E-48D6-8400-6AC9EF62D859}.AppStore|iPhoneSimulator.ActiveCfg = Debug|Any CPU
		{4E6E6F0D-6E0E-48D6-8400-6AC9EF62D859}.AppStore|iPhoneSimulator.Build.0 = Debug|Any CPU
		{4E6E6F0D-6E0E-48D6-8400-6AC9EF62D859}.Debug|Any CPU.ActiveCfg = Debug|Any CPU
		{4E6E6F0D-6E0E-48D6-8400-6AC9EF62D859}.Debug|Any CPU.Build.0 = Debug|Any CPU
		{4E6E6F0D-6E0E-48D6-8400-6AC9EF62D859}.Debug|iPhone.ActiveCfg = Debug|Any CPU
		{4E6E6F0D-6E0E-48D6-8400-6AC9EF62D859}.Debug|iPhone.Build.0 = Debug|Any CPU
		{4E6E6F0D-6E0E-48D6-8400-6AC9EF62D859}.Debug|iPhoneSimulator.ActiveCfg = Debug|Any CPU
		{4E6E6F0D-6E0E-48D6-8400-6AC9EF62D859}.Debug|iPhoneSimulator.Build.0 = Debug|Any CPU
		{4E6E6F0D-6E0E-48D6-8400-6AC9EF62D859}.Release|Any CPU.ActiveCfg = Release|Any CPU
		{4E6E6F0D-6E0E-48D6-8400-6AC9EF62D859}.Release|Any CPU.Build.0 = Release|Any CPU
		{4E6E6F0D-6E0E-48D6-8400-6AC9EF62D859}.Release|iPhone.ActiveCfg = Release|Any CPU
		{4E6E6F0D-6E0E-48D6-8400-6AC9EF62D859}.Release|iPhone.Build.0 = Release|Any CPU
		{4E6E6F0D-6E0E-48D6-8400-6AC9EF62D859}.Release|iPhoneSimulator.ActiveCfg = Release|Any CPU
		{4E6E6F0D-6E0E-48D6-8400-6AC9EF62D859}.Release|iPhoneSimulator.Build.0 = Release|Any CPU
	EndGlobalSection
	GlobalSection(SolutionProperties) = preSolution
		HideSolutionNode = FALSE
	EndGlobalSection
	GlobalSection(ExtensibilityGlobals) = postSolution
		SolutionGuid = {3C8D5A6B-690F-4651-A0A5-C97784FF8C66}
	EndGlobalSection
EndGlobal
