
Microsoft Visual Studio Solution File, Format Version 12.00
# Visual Studio 15
VisualStudioVersion = 15.0.27130.2027
MinimumVisualStudioVersion = 10.0.40219.1
Project("{FAE04EC0-301F-11D3-BF4B-00C04F79EFBC}") = "XamarinTableView.Android", "XamarinTableView\XamarinTableView.Android\XamarinTableView.Android.csproj", "{422DAB49-EF95-4341-8279-00C86217A5E6}"
EndProject
Project("{FAE04EC0-301F-11D3-BF4B-00C04F79EFBC}") = "XamarinTableView.iOS", "XamarinTableView\XamarinTableView.iOS\XamarinTableView.iOS.csproj", "{3C382F3B-E6E5-49E6-887E-D35F48889B75}"
EndProject
Project("{FAE04EC0-301F-11D3-BF4B-00C04F79EFBC}") = "XamarinTableView", "XamarinTableView\XamarinTableView\XamarinTableView.csproj", "{09FD79CD-8722-44C8-93BC-5AF5FA20A813}"
EndProject
Global
	GlobalSection(SolutionConfigurationPlatforms) = preSolution
		Ad-Hoc|Any CPU = Ad-Hoc|Any CPU
		Ad-Hoc|iPhone = Ad-Hoc|iPhone
		Ad-Hoc|iPhoneSimulator = Ad-Hoc|iPhoneSimulator
		AppStore|Any CPU = AppStore|Any CPU
		AppStore|iPhone = AppStore|iPhone
		AppStore|iPhoneSimulator = AppStore|iPhoneSimulator
		Debug|Any CPU = Debug|Any CPU
		Debug|iPhone = Debug|iPhone
		Debug|iPhoneSimulator = Debug|iPhoneSimulator
		Release|Any CPU = Release|Any CPU
		Release|iPhone = Release|iPhone
		Release|iPhoneSimulator = Release|iPhoneSimulator
	EndGlobalSection
	GlobalSection(ProjectConfigurationPlatforms) = postSolution
		{422DAB49-EF95-4341-8279-00C86217A5E6}.Ad-Hoc|Any CPU.ActiveCfg = Release|Any CPU
		{422DAB49-EF95-4341-8279-00C86217A5E6}.Ad-Hoc|Any CPU.Build.0 = Release|Any CPU
		{422DAB49-EF95-4341-8279-00C86217A5E6}.Ad-Hoc|Any CPU.Deploy.0 = Release|Any CPU
		{422DAB49-EF95-4341-8279-00C86217A5E6}.Ad-Hoc|iPhone.ActiveCfg = Release|Any CPU
		{422DAB49-EF95-4341-8279-00C86217A5E6}.Ad-Hoc|iPhone.Build.0 = Release|Any CPU
		{422DAB49-EF95-4341-8279-00C86217A5E6}.Ad-Hoc|iPhone.Deploy.0 = Release|Any CPU
		{422DAB49-EF95-4341-8279-00C86217A5E6}.Ad-Hoc|iPhoneSimulator.ActiveCfg = Release|Any CPU
		{422DAB49-EF95-4341-8279-00C86217A5E6}.Ad-Hoc|iPhoneSimulator.Build.0 = Release|Any CPU
		{422DAB49-EF95-4341-8279-00C86217A5E6}.Ad-Hoc|iPhoneSimulator.Deploy.0 = Release|Any CPU
		{422DAB49-EF95-4341-8279-00C86217A5E6}.AppStore|Any CPU.ActiveCfg = Release|Any CPU
		{422DAB49-EF95-4341-8279-00C86217A5E6}.AppStore|Any CPU.Build.0 = Release|Any CPU
		{422DAB49-EF95-4341-8279-00C86217A5E6}.AppStore|Any CPU.Deploy.0 = Release|Any CPU
		{422DAB49-EF95-4341-8279-00C86217A5E6}.AppStore|iPhone.ActiveCfg = Release|Any CPU
		{422DAB49-EF95-4341-8279-00C86217A5E6}.AppStore|iPhone.Build.0 = Release|Any CPU
		{422DAB49-EF95-4341-8279-00C86217A5E6}.AppStore|iPhone.Deploy.0 = Release|Any CPU
		{422DAB49-EF95-4341-8279-00C86217A5E6}.AppStore|iPhoneSimulator.ActiveCfg = Release|Any CPU
		{422DAB49-EF95-4341-8279-00C86217A5E6}.AppStore|iPhoneSimulator.Build.0 = Release|Any CPU
		{422DAB49-EF95-4341-8279-00C86217A5E6}.AppStore|iPhoneSimulator.Deploy.0 = Release|Any CPU
		{422DAB49-EF95-4341-8279-00C86217A5E6}.Debug|Any CPU.ActiveCfg = Debug|Any CPU
		{422DAB49-EF95-4341-8279-00C86217A5E6}.Debug|Any CPU.Build.0 = Debug|Any CPU
		{422DAB49-EF95-4341-8279-00C86217A5E6}.Debug|Any CPU.Deploy.0 = Debug|Any CPU
		{422DAB49-EF95-4341-8279-00C86217A5E6}.Debug|iPhone.ActiveCfg = Debug|Any CPU
		{422DAB49-EF95-4341-8279-00C86217A5E6}.Debug|iPhone.Build.0 = Debug|Any CPU
		{422DAB49-EF95-4341-8279-00C86217A5E6}.Debug|iPhone.Deploy.0 = Debug|Any CPU
		{422DAB49-EF95-4341-8279-00C86217A5E6}.Debug|iPhoneSimulator.ActiveCfg = Debug|Any CPU
		{422DAB49-EF95-4341-8279-00C86217A5E6}.Debug|iPhoneSimulator.Build.0 = Debug|Any CPU
		{422DAB49-EF95-4341-8279-00C86217A5E6}.Debug|iPhoneSimulator.Deploy.0 = Debug|Any CPU
		{422DAB49-EF95-4341-8279-00C86217A5E6}.Release|Any CPU.ActiveCfg = Release|Any CPU
		{422DAB49-EF95-4341-8279-00C86217A5E6}.Release|Any CPU.Build.0 = Release|Any CPU
		{422DAB49-EF95-4341-8279-00C86217A5E6}.Release|Any CPU.Deploy.0 = Release|Any CPU
		{422DAB49-EF95-4341-8279-00C86217A5E6}.Release|iPhone.ActiveCfg = Release|Any CPU
		{422DAB49-EF95-4341-8279-00C86217A5E6}.Release|iPhone.Build.0 = Release|Any CPU
		{422DAB49-EF95-4341-8279-00C86217A5E6}.Release|iPhone.Deploy.0 = Release|Any CPU
		{422DAB49-EF95-4341-8279-00C86217A5E6}.Release|iPhoneSimulator.ActiveCfg = Release|Any CPU
		{422DAB49-EF95-4341-8279-00C86217A5E6}.Release|iPhoneSimulator.Build.0 = Release|Any CPU
		{422DAB49-EF95-4341-8279-00C86217A5E6}.Release|iPhoneSimulator.Deploy.0 = Release|Any CPU
		{3C382F3B-E6E5-49E6-887E-D35F48889B75}.Ad-Hoc|Any CPU.ActiveCfg = Ad-Hoc|iPhone
		{3C382F3B-E6E5-49E6-887E-D35F48889B75}.Ad-Hoc|iPhone.ActiveCfg = Ad-Hoc|iPhone
		{3C382F3B-E6E5-49E6-887E-D35F48889B75}.Ad-Hoc|iPhone.Build.0 = Ad-Hoc|iPhone
		{3C382F3B-E6E5-49E6-887E-D35F48889B75}.Ad-Hoc|iPhoneSimulator.ActiveCfg = Ad-Hoc|iPhoneSimulator
		{3C382F3B-E6E5-49E6-887E-D35F48889B75}.Ad-Hoc|iPhoneSimulator.Build.0 = Ad-Hoc|iPhoneSimulator
		{3C382F3B-E6E5-49E6-887E-D35F48889B75}.AppStore|Any CPU.ActiveCfg = AppStore|iPhone
		{3C382F3B-E6E5-49E6-887E-D35F48889B75}.AppStore|iPhone.ActiveCfg = AppStore|iPhone
		{3C382F3B-E6E5-49E6-887E-D35F48889B75}.AppStore|iPhone.Build.0 = AppStore|iPhone
		{3C382F3B-E6E5-49E6-887E-D35F48889B75}.AppStore|iPhoneSimulator.ActiveCfg = AppStore|iPhoneSimulator
		{3C382F3B-E6E5-49E6-887E-D35F48889B75}.AppStore|iPhoneSimulator.Build.0 = AppStore|iPhoneSimulator
		{3C382F3B-E6E5-49E6-887E-D35F48889B75}.Debug|Any CPU.ActiveCfg = Debug|iPhone
		{3C382F3B-E6E5-49E6-887E-D35F48889B75}.Debug|iPhone.ActiveCfg = Debug|iPhone
		{3C382F3B-E6E5-49E6-887E-D35F48889B75}.Debug|iPhone.Build.0 = Debug|iPhone
		{3C382F3B-E6E5-49E6-887E-D35F48889B75}.Debug|iPhoneSimulator.ActiveCfg = Debug|iPhoneSimulator
		{3C382F3B-E6E5-49E6-887E-D35F48889B75}.Debug|iPhoneSimulator.Build.0 = Debug|iPhoneSimulator
		{3C382F3B-E6E5-49E6-887E-D35F48889B75}.Release|Any CPU.ActiveCfg = Release|iPhone
		{3C382F3B-E6E5-49E6-887E-D35F48889B75}.Release|iPhone.ActiveCfg = Release|iPhone
		{3C382F3B-E6E5-49E6-887E-D35F48889B75}.Release|iPhone.Build.0 = Release|iPhone
		{3C382F3B-E6E5-49E6-887E-D35F48889B75}.Release|iPhoneSimulator.ActiveCfg = Release|iPhoneSimulator
		{3C382F3B-E6E5-49E6-887E-D35F48889B75}.Release|iPhoneSimulator.Build.0 = Release|iPhoneSimulator
		{09FD79CD-8722-44C8-93BC-5AF5FA20A813}.Ad-Hoc|Any CPU.ActiveCfg = Debug|Any CPU
		{09FD79CD-8722-44C8-93BC-5AF5FA20A813}.Ad-Hoc|Any CPU.Build.0 = Debug|Any CPU
		{09FD79CD-8722-44C8-93BC-5AF5FA20A813}.Ad-Hoc|iPhone.ActiveCfg = Debug|Any CPU
		{09FD79CD-8722-44C8-93BC-5AF5FA20A813}.Ad-Hoc|iPhone.Build.0 = Debug|Any CPU
		{09FD79CD-8722-44C8-93BC-5AF5FA20A813}.Ad-Hoc|iPhoneSimulator.ActiveCfg = Debug|Any CPU
		{09FD79CD-8722-44C8-93BC-5AF5FA20A813}.Ad-Hoc|iPhoneSimulator.Build.0 = Debug|Any CPU
		{09FD79CD-8722-44C8-93BC-5AF5FA20A813}.AppStore|Any CPU.ActiveCfg = Debug|Any CPU
		{09FD79CD-8722-44C8-93BC-5AF5FA20A813}.AppStore|Any CPU.Build.0 = Debug|Any CPU
		{09FD79CD-8722-44C8-93BC-5AF5FA20A813}.AppStore|iPhone.ActiveCfg = Debug|Any CPU
		{09FD79CD-8722-44C8-93BC-5AF5FA20A813}.AppStore|iPhone.Build.0 = Debug|Any CPU
		{09FD79CD-8722-44C8-93BC-5AF5FA20A813}.AppStore|iPhoneSimulator.ActiveCfg = Debug|Any CPU
		{09FD79CD-8722-44C8-93BC-5AF5FA20A813}.AppStore|iPhoneSimulator.Build.0 = Debug|Any CPU
		{09FD79CD-8722-44C8-93BC-5AF5FA20A813}.Debug|Any CPU.ActiveCfg = Debug|Any CPU
		{09FD79CD-8722-44C8-93BC-5AF5FA20A813}.Debug|Any CPU.Build.0 = Debug|Any CPU
		{09FD79CD-8722-44C8-93BC-5AF5FA20A813}.Debug|iPhone.ActiveCfg = Debug|Any CPU
		{09FD79CD-8722-44C8-93BC-5AF5FA20A813}.Debug|iPhone.Build.0 = Debug|Any CPU
		{09FD79CD-8722-44C8-93BC-5AF5FA20A813}.Debug|iPhoneSimulator.ActiveCfg = Debug|Any CPU
		{09FD79CD-8722-44C8-93BC-5AF5FA20A813}.Debug|iPhoneSimulator.Build.0 = Debug|Any CPU
		{09FD79CD-8722-44C8-93BC-5AF5FA20A813}.Release|Any CPU.ActiveCfg = Release|Any CPU
		{09FD79CD-8722-44C8-93BC-5AF5FA20A813}.Release|Any CPU.Build.0 = Release|Any CPU
		{09FD79CD-8722-44C8-93BC-5AF5FA20A813}.Release|iPhone.ActiveCfg = Release|Any CPU
		{09FD79CD-8722-44C8-93BC-5AF5FA20A813}.Release|iPhone.Build.0 = Release|Any CPU
		{09FD79CD-8722-44C8-93BC-5AF5FA20A813}.Release|iPhoneSimulator.ActiveCfg = Release|Any CPU
		{09FD79CD-8722-44C8-93BC-5AF5FA20A813}.Release|iPhoneSimulator.Build.0 = Release|Any CPU
	EndGlobalSection
	GlobalSection(SolutionProperties) = preSolution
		HideSolutionNode = FALSE
	EndGlobalSection
	GlobalSection(ExtensibilityGlobals) = postSolution
		SolutionGuid = {543D29DD-B80E-44B6-AE8F-868B8C252053}
	EndGlobalSection
EndGlobal
