
Microsoft Visual Studio Solution File, Format Version 12.00
# Visual Studio 15
VisualStudioVersion = 15.0.27130.2024
MinimumVisualStudioVersion = 10.0.40219.1
Project("{FAE04EC0-301F-11D3-BF4B-00C04F79EFBC}") = "XamarinActionSheet.Android", "XamarinActionSheet\XamarinActionSheet.Android\XamarinActionSheet.Android.csproj", "{78490E69-209B-4042-8C4E-C26CBEC9BCD6}"
EndProject
Project("{FAE04EC0-301F-11D3-BF4B-00C04F79EFBC}") = "XamarinActionSheet.iOS", "XamarinActionSheet\XamarinActionSheet.iOS\XamarinActionSheet.iOS.csproj", "{06116982-9E63-4F54-866D-30D61FD3B0D8}"
EndProject
Project("{FAE04EC0-301F-11D3-BF4B-00C04F79EFBC}") = "XamarinActionSheet", "XamarinActionSheet\XamarinActionSheet\XamarinActionSheet.csproj", "{87AE2F22-DB40-4823-9E40-3735D1818FBB}"
EndProject
Global
	GlobalSection(SolutionConfigurationPlatforms) = preSolution
		Ad-Hoc|Any CPU = Ad-Hoc|Any CPU
		Ad-Hoc|iPhone = Ad-Hoc|iPhone
		Ad-Hoc|iPhoneSimulator = Ad-Hoc|iPhoneSimulator
		AppStore|Any CPU = AppStore|Any CPU
		AppStore|iPhone = AppStore|iPhone
		AppStore|iPhoneSimulator = AppStore|iPhoneSimulator
		Debug|Any CPU = Debug|Any CPU
		Debug|iPhone = Debug|iPhone
		Debug|iPhoneSimulator = Debug|iPhoneSimulator
		Release|Any CPU = Release|Any CPU
		Release|iPhone = Release|iPhone
		Release|iPhoneSimulator = Release|iPhoneSimulator
	EndGlobalSection
	GlobalSection(ProjectConfigurationPlatforms) = postSolution
		{78490E69-209B-4042-8C4E-C26CBEC9BCD6}.Ad-Hoc|Any CPU.ActiveCfg = Release|Any CPU
		{78490E69-209B-4042-8C4E-C26CBEC9BCD6}.Ad-Hoc|Any CPU.Build.0 = Release|Any CPU
		{78490E69-209B-4042-8C4E-C26CBEC9BCD6}.Ad-Hoc|Any CPU.Deploy.0 = Release|Any CPU
		{78490E69-209B-4042-8C4E-C26CBEC9BCD6}.Ad-Hoc|iPhone.ActiveCfg = Release|Any CPU
		{78490E69-209B-4042-8C4E-C26CBEC9BCD6}.Ad-Hoc|iPhone.Build.0 = Release|Any CPU
		{78490E69-209B-4042-8C4E-C26CBEC9BCD6}.Ad-Hoc|iPhone.Deploy.0 = Release|Any CPU
		{78490E69-209B-4042-8C4E-C26CBEC9BCD6}.Ad-Hoc|iPhoneSimulator.ActiveCfg = Release|Any CPU
		{78490E69-209B-4042-8C4E-C26CBEC9BCD6}.Ad-Hoc|iPhoneSimulator.Build.0 = Release|Any CPU
		{78490E69-209B-4042-8C4E-C26CBEC9BCD6}.Ad-Hoc|iPhoneSimulator.Deploy.0 = Release|Any CPU
		{78490E69-209B-4042-8C4E-C26CBEC9BCD6}.AppStore|Any CPU.ActiveCfg = Release|Any CPU
		{78490E69-209B-4042-8C4E-C26CBEC9BCD6}.AppStore|Any CPU.Build.0 = Release|Any CPU
		{78490E69-209B-4042-8C4E-C26CBEC9BCD6}.AppStore|Any CPU.Deploy.0 = Release|Any CPU
		{78490E69-209B-4042-8C4E-C26CBEC9BCD6}.AppStore|iPhone.ActiveCfg = Release|Any CPU
		{78490E69-209B-4042-8C4E-C26CBEC9BCD6}.AppStore|iPhone.Build.0 = Release|Any CPU
		{78490E69-209B-4042-8C4E-C26CBEC9BCD6}.AppStore|iPhone.Deploy.0 = Release|Any CPU
		{78490E69-209B-4042-8C4E-C26CBEC9BCD6}.AppStore|iPhoneSimulator.ActiveCfg = Release|Any CPU
		{78490E69-209B-4042-8C4E-C26CBEC9BCD6}.AppStore|iPhoneSimulator.Build.0 = Release|Any CPU
		{78490E69-209B-4042-8C4E-C26CBEC9BCD6}.AppStore|iPhoneSimulator.Deploy.0 = Release|Any CPU
		{78490E69-209B-4042-8C4E-C26CBEC9BCD6}.Debug|Any CPU.ActiveCfg = Debug|Any CPU
		{78490E69-209B-4042-8C4E-C26CBEC9BCD6}.Debug|Any CPU.Build.0 = Debug|Any CPU
		{78490E69-209B-4042-8C4E-C26CBEC9BCD6}.Debug|Any CPU.Deploy.0 = Debug|Any CPU
		{78490E69-209B-4042-8C4E-C26CBEC9BCD6}.Debug|iPhone.ActiveCfg = Debug|Any CPU
		{78490E69-209B-4042-8C4E-C26CBEC9BCD6}.Debug|iPhone.Build.0 = Debug|Any CPU
		{78490E69-209B-4042-8C4E-C26CBEC9BCD6}.Debug|iPhone.Deploy.0 = Debug|Any CPU
		{78490E69-209B-4042-8C4E-C26CBEC9BCD6}.Debug|iPhoneSimulator.ActiveCfg = Debug|Any CPU
		{78490E69-209B-4042-8C4E-C26CBEC9BCD6}.Debug|iPhoneSimulator.Build.0 = Debug|Any CPU
		{78490E69-209B-4042-8C4E-C26CBEC9BCD6}.Debug|iPhoneSimulator.Deploy.0 = Debug|Any CPU
		{78490E69-209B-4042-8C4E-C26CBEC9BCD6}.Release|Any CPU.ActiveCfg = Release|Any CPU
		{78490E69-209B-4042-8C4E-C26CBEC9BCD6}.Release|Any CPU.Build.0 = Release|Any CPU
		{78490E69-209B-4042-8C4E-C26CBEC9BCD6}.Release|Any CPU.Deploy.0 = Release|Any CPU
		{78490E69-209B-4042-8C4E-C26CBEC9BCD6}.Release|iPhone.ActiveCfg = Release|Any CPU
		{78490E69-209B-4042-8C4E-C26CBEC9BCD6}.Release|iPhone.Build.0 = Release|Any CPU
		{78490E69-209B-4042-8C4E-C26CBEC9BCD6}.Release|iPhone.Deploy.0 = Release|Any CPU
		{78490E69-209B-4042-8C4E-C26CBEC9BCD6}.Release|iPhoneSimulator.ActiveCfg = Release|Any CPU
		{78490E69-209B-4042-8C4E-C26CBEC9BCD6}.Release|iPhoneSimulator.Build.0 = Release|Any CPU
		{78490E69-209B-4042-8C4E-C26CBEC9BCD6}.Release|iPhoneSimulator.Deploy.0 = Release|Any CPU
		{06116982-9E63-4F54-866D-30D61FD3B0D8}.Ad-Hoc|Any CPU.ActiveCfg = Ad-Hoc|iPhone
		{06116982-9E63-4F54-866D-30D61FD3B0D8}.Ad-Hoc|iPhone.ActiveCfg = Ad-Hoc|iPhone
		{06116982-9E63-4F54-866D-30D61FD3B0D8}.Ad-Hoc|iPhone.Build.0 = Ad-Hoc|iPhone
		{06116982-9E63-4F54-866D-30D61FD3B0D8}.Ad-Hoc|iPhoneSimulator.ActiveCfg = Ad-Hoc|iPhoneSimulator
		{06116982-9E63-4F54-866D-30D61FD3B0D8}.Ad-Hoc|iPhoneSimulator.Build.0 = Ad-Hoc|iPhoneSimulator
		{06116982-9E63-4F54-866D-30D61FD3B0D8}.AppStore|Any CPU.ActiveCfg = AppStore|iPhone
		{06116982-9E63-4F54-866D-30D61FD3B0D8}.AppStore|iPhone.ActiveCfg = AppStore|iPhone
		{06116982-9E63-4F54-866D-30D61FD3B0D8}.AppStore|iPhone.Build.0 = AppStore|iPhone
		{06116982-9E63-4F54-866D-30D61FD3B0D8}.AppStore|iPhoneSimulator.ActiveCfg = AppStore|iPhoneSimulator
		{06116982-9E63-4F54-866D-30D61FD3B0D8}.AppStore|iPhoneSimulator.Build.0 = AppStore|iPhoneSimulator
		{06116982-9E63-4F54-866D-30D61FD3B0D8}.Debug|Any CPU.ActiveCfg = Debug|iPhone
		{06116982-9E63-4F54-866D-30D61FD3B0D8}.Debug|iPhone.ActiveCfg = Debug|iPhone
		{06116982-9E63-4F54-866D-30D61FD3B0D8}.Debug|iPhone.Build.0 = Debug|iPhone
		{06116982-9E63-4F54-866D-30D61FD3B0D8}.Debug|iPhoneSimulator.ActiveCfg = Debug|iPhoneSimulator
		{06116982-9E63-4F54-866D-30D61FD3B0D8}.Debug|iPhoneSimulator.Build.0 = Debug|iPhoneSimulator
		{06116982-9E63-4F54-866D-30D61FD3B0D8}.Release|Any CPU.ActiveCfg = Release|iPhone
		{06116982-9E63-4F54-866D-30D61FD3B0D8}.Release|iPhone.ActiveCfg = Release|iPhone
		{06116982-9E63-4F54-866D-30D61FD3B0D8}.Release|iPhone.Build.0 = Release|iPhone
		{06116982-9E63-4F54-866D-30D61FD3B0D8}.Release|iPhoneSimulator.ActiveCfg = Release|iPhoneSimulator
		{06116982-9E63-4F54-866D-30D61FD3B0D8}.Release|iPhoneSimulator.Build.0 = Release|iPhoneSimulator
		{87AE2F22-DB40-4823-9E40-3735D1818FBB}.Ad-Hoc|Any CPU.ActiveCfg = Debug|Any CPU
		{87AE2F22-DB40-4823-9E40-3735D1818FBB}.Ad-Hoc|Any CPU.Build.0 = Debug|Any CPU
		{87AE2F22-DB40-4823-9E40-3735D1818FBB}.Ad-Hoc|iPhone.ActiveCfg = Debug|Any CPU
		{87AE2F22-DB40-4823-9E40-3735D1818FBB}.Ad-Hoc|iPhone.Build.0 = Debug|Any CPU
		{87AE2F22-DB40-4823-9E40-3735D1818FBB}.Ad-Hoc|iPhoneSimulator.ActiveCfg = Debug|Any CPU
		{87AE2F22-DB40-4823-9E40-3735D1818FBB}.Ad-Hoc|iPhoneSimulator.Build.0 = Debug|Any CPU
		{87AE2F22-DB40-4823-9E40-3735D1818FBB}.AppStore|Any CPU.ActiveCfg = Debug|Any CPU
		{87AE2F22-DB40-4823-9E40-3735D1818FBB}.AppStore|Any CPU.Build.0 = Debug|Any CPU
		{87AE2F22-DB40-4823-9E40-3735D1818FBB}.AppStore|iPhone.ActiveCfg = Debug|Any CPU
		{87AE2F22-DB40-4823-9E40-3735D1818FBB}.AppStore|iPhone.Build.0 = Debug|Any CPU
		{87AE2F22-DB40-4823-9E40-3735D1818FBB}.AppStore|iPhoneSimulator.ActiveCfg = Debug|Any CPU
		{87AE2F22-DB40-4823-9E40-3735D1818FBB}.AppStore|iPhoneSimulator.Build.0 = Debug|Any CPU
		{87AE2F22-DB40-4823-9E40-3735D1818FBB}.Debug|Any CPU.ActiveCfg = Debug|Any CPU
		{87AE2F22-DB40-4823-9E40-3735D1818FBB}.Debug|Any CPU.Build.0 = Debug|Any CPU
		{87AE2F22-DB40-4823-9E40-3735D1818FBB}.Debug|iPhone.ActiveCfg = Debug|Any CPU
		{87AE2F22-DB40-4823-9E40-3735D1818FBB}.Debug|iPhone.Build.0 = Debug|Any CPU
		{87AE2F22-DB40-4823-9E40-3735D1818FBB}.Debug|iPhoneSimulator.ActiveCfg = Debug|Any CPU
		{87AE2F22-DB40-4823-9E40-3735D1818FBB}.Debug|iPhoneSimulator.Build.0 = Debug|Any CPU
		{87AE2F22-DB40-4823-9E40-3735D1818FBB}.Release|Any CPU.ActiveCfg = Release|Any CPU
		{87AE2F22-DB40-4823-9E40-3735D1818FBB}.Release|Any CPU.Build.0 = Release|Any CPU
		{87AE2F22-DB40-4823-9E40-3735D1818FBB}.Release|iPhone.ActiveCfg = Release|Any CPU
		{87AE2F22-DB40-4823-9E40-3735D1818FBB}.Release|iPhone.Build.0 = Release|Any CPU
		{87AE2F22-DB40-4823-9E40-3735D1818FBB}.Release|iPhoneSimulator.ActiveCfg = Release|Any CPU
		{87AE2F22-DB40-4823-9E40-3735D1818FBB}.Release|iPhoneSimulator.Build.0 = Release|Any CPU
	EndGlobalSection
	GlobalSection(SolutionProperties) = preSolution
		HideSolutionNode = FALSE
	EndGlobalSection
	GlobalSection(ExtensibilityGlobals) = postSolution
		SolutionGuid = {9A412C61-F186-4D12-9807-227A9FEB2335}
	EndGlobalSection
EndGlobal
