
Microsoft Visual Studio Solution File, Format Version 12.00
# Visual Studio 15
VisualStudioVersion = 15.0.27130.2024
MinimumVisualStudioVersion = 10.0.40219.1
Project("{FAE04EC0-301F-11D3-BF4B-00C04F79EFBC}") = "XamarinCarouselPage.Android", "XamarinCarouselPage\XamarinCarouselPage.Android\XamarinCarouselPage.Android.csproj", "{5DA64435-FDB2-47AC-8DF3-6A04B8C45FCD}"
EndProject
Project("{FAE04EC0-301F-11D3-BF4B-00C04F79EFBC}") = "XamarinCarouselPage.iOS", "XamarinCarouselPage\XamarinCarouselPage.iOS\XamarinCarouselPage.iOS.csproj", "{45F56264-B4ED-451A-8E9B-773E745352C1}"
EndProject
Project("{FAE04EC0-301F-11D3-BF4B-00C04F79EFBC}") = "XamarinCarouselPage", "XamarinCarouselPage\XamarinCarouselPage\XamarinCarouselPage.csproj", "{AE5584EA-8CB8-4325-8E01-0EBD41739965}"
EndProject
Global
	GlobalSection(SolutionConfigurationPlatforms) = preSolution
		Ad-Hoc|Any CPU = Ad-Hoc|Any CPU
		Ad-Hoc|iPhone = Ad-Hoc|iPhone
		Ad-Hoc|iPhoneSimulator = Ad-Hoc|iPhoneSimulator
		AppStore|Any CPU = AppStore|Any CPU
		AppStore|iPhone = AppStore|iPhone
		AppStore|iPhoneSimulator = AppStore|iPhoneSimulator
		Debug|Any CPU = Debug|Any CPU
		Debug|iPhone = Debug|iPhone
		Debug|iPhoneSimulator = Debug|iPhoneSimulator
		Release|Any CPU = Release|Any CPU
		Release|iPhone = Release|iPhone
		Release|iPhoneSimulator = Release|iPhoneSimulator
	EndGlobalSection
	GlobalSection(ProjectConfigurationPlatforms) = postSolution
		{5DA64435-FDB2-47AC-8DF3-6A04B8C45FCD}.Ad-Hoc|Any CPU.ActiveCfg = Release|Any CPU
		{5DA64435-FDB2-47AC-8DF3-6A04B8C45FCD}.Ad-Hoc|Any CPU.Build.0 = Release|Any CPU
		{5DA64435-FDB2-47AC-8DF3-6A04B8C45FCD}.Ad-Hoc|Any CPU.Deploy.0 = Release|Any CPU
		{5DA64435-FDB2-47AC-8DF3-6A04B8C45FCD}.Ad-Hoc|iPhone.ActiveCfg = Release|Any CPU
		{5DA64435-FDB2-47AC-8DF3-6A04B8C45FCD}.Ad-Hoc|iPhone.Build.0 = Release|Any CPU
		{5DA64435-FDB2-47AC-8DF3-6A04B8C45FCD}.Ad-Hoc|iPhone.Deploy.0 = Release|Any CPU
		{5DA64435-FDB2-47AC-8DF3-6A04B8C45FCD}.Ad-Hoc|iPhoneSimulator.ActiveCfg = Release|Any CPU
		{5DA64435-FDB2-47AC-8DF3-6A04B8C45FCD}.Ad-Hoc|iPhoneSimulator.Build.0 = Release|Any CPU
		{5DA64435-FDB2-47AC-8DF3-6A04B8C45FCD}.Ad-Hoc|iPhoneSimulator.Deploy.0 = Release|Any CPU
		{5DA64435-FDB2-47AC-8DF3-6A04B8C45FCD}.AppStore|Any CPU.ActiveCfg = Release|Any CPU
		{5DA64435-FDB2-47AC-8DF3-6A04B8C45FCD}.AppStore|Any CPU.Build.0 = Release|Any CPU
		{5DA64435-FDB2-47AC-8DF3-6A04B8C45FCD}.AppStore|Any CPU.Deploy.0 = Release|Any CPU
		{5DA64435-FDB2-47AC-8DF3-6A04B8C45FCD}.AppStore|iPhone.ActiveCfg = Release|Any CPU
		{5DA64435-FDB2-47AC-8DF3-6A04B8C45FCD}.AppStore|iPhone.Build.0 = Release|Any CPU
		{5DA64435-FDB2-47AC-8DF3-6A04B8C45FCD}.AppStore|iPhone.Deploy.0 = Release|Any CPU
		{5DA64435-FDB2-47AC-8DF3-6A04B8C45FCD}.AppStore|iPhoneSimulator.ActiveCfg = Release|Any CPU
		{5DA64435-FDB2-47AC-8DF3-6A04B8C45FCD}.AppStore|iPhoneSimulator.Build.0 = Release|Any CPU
		{5DA64435-FDB2-47AC-8DF3-6A04B8C45FCD}.AppStore|iPhoneSimulator.Deploy.0 = Release|Any CPU
		{5DA64435-FDB2-47AC-8DF3-6A04B8C45FCD}.Debug|Any CPU.ActiveCfg = Debug|Any CPU
		{5DA64435-FDB2-47AC-8DF3-6A04B8C45FCD}.Debug|Any CPU.Build.0 = Debug|Any CPU
		{5DA64435-FDB2-47AC-8DF3-6A04B8C45FCD}.Debug|Any CPU.Deploy.0 = Debug|Any CPU
		{5DA64435-FDB2-47AC-8DF3-6A04B8C45FCD}.Debug|iPhone.ActiveCfg = Debug|Any CPU
		{5DA64435-FDB2-47AC-8DF3-6A04B8C45FCD}.Debug|iPhone.Build.0 = Debug|Any CPU
		{5DA64435-FDB2-47AC-8DF3-6A04B8C45FCD}.Debug|iPhone.Deploy.0 = Debug|Any CPU
		{5DA64435-FDB2-47AC-8DF3-6A04B8C45FCD}.Debug|iPhoneSimulator.ActiveCfg = Debug|Any CPU
		{5DA64435-FDB2-47AC-8DF3-6A04B8C45FCD}.Debug|iPhoneSimulator.Build.0 = Debug|Any CPU
		{5DA64435-FDB2-47AC-8DF3-6A04B8C45FCD}.Debug|iPhoneSimulator.Deploy.0 = Debug|Any CPU
		{5DA64435-FDB2-47AC-8DF3-6A04B8C45FCD}.Release|Any CPU.ActiveCfg = Release|Any CPU
		{5DA64435-FDB2-47AC-8DF3-6A04B8C45FCD}.Release|Any CPU.Build.0 = Release|Any CPU
		{5DA64435-FDB2-47AC-8DF3-6A04B8C45FCD}.Release|Any CPU.Deploy.0 = Release|Any CPU
		{5DA64435-FDB2-47AC-8DF3-6A04B8C45FCD}.Release|iPhone.ActiveCfg = Release|Any CPU
		{5DA64435-FDB2-47AC-8DF3-6A04B8C45FCD}.Release|iPhone.Build.0 = Release|Any CPU
		{5DA64435-FDB2-47AC-8DF3-6A04B8C45FCD}.Release|iPhone.Deploy.0 = Release|Any CPU
		{5DA64435-FDB2-47AC-8DF3-6A04B8C45FCD}.Release|iPhoneSimulator.ActiveCfg = Release|Any CPU
		{5DA64435-FDB2-47AC-8DF3-6A04B8C45FCD}.Release|iPhoneSimulator.Build.0 = Release|Any CPU
		{5DA64435-FDB2-47AC-8DF3-6A04B8C45FCD}.Release|iPhoneSimulator.Deploy.0 = Release|Any CPU
		{45F56264-B4ED-451A-8E9B-773E745352C1}.Ad-Hoc|Any CPU.ActiveCfg = Ad-Hoc|iPhone
		{45F56264-B4ED-451A-8E9B-773E745352C1}.Ad-Hoc|iPhone.ActiveCfg = Ad-Hoc|iPhone
		{45F56264-B4ED-451A-8E9B-773E745352C1}.Ad-Hoc|iPhone.Build.0 = Ad-Hoc|iPhone
		{45F56264-B4ED-451A-8E9B-773E745352C1}.Ad-Hoc|iPhoneSimulator.ActiveCfg = Ad-Hoc|iPhoneSimulator
		{45F56264-B4ED-451A-8E9B-773E745352C1}.Ad-Hoc|iPhoneSimulator.Build.0 = Ad-Hoc|iPhoneSimulator
		{45F56264-B4ED-451A-8E9B-773E745352C1}.AppStore|Any CPU.ActiveCfg = AppStore|iPhone
		{45F56264-B4ED-451A-8E9B-773E745352C1}.AppStore|iPhone.ActiveCfg = AppStore|iPhone
		{45F56264-B4ED-451A-8E9B-773E745352C1}.AppStore|iPhone.Build.0 = AppStore|iPhone
		{45F56264-B4ED-451A-8E9B-773E745352C1}.AppStore|iPhoneSimulator.ActiveCfg = AppStore|iPhoneSimulator
		{45F56264-B4ED-451A-8E9B-773E745352C1}.AppStore|iPhoneSimulator.Build.0 = AppStore|iPhoneSimulator
		{45F56264-B4ED-451A-8E9B-773E745352C1}.Debug|Any CPU.ActiveCfg = Debug|iPhone
		{45F56264-B4ED-451A-8E9B-773E745352C1}.Debug|iPhone.ActiveCfg = Debug|iPhone
		{45F56264-B4ED-451A-8E9B-773E745352C1}.Debug|iPhone.Build.0 = Debug|iPhone
		{45F56264-B4ED-451A-8E9B-773E745352C1}.Debug|iPhoneSimulator.ActiveCfg = Debug|iPhoneSimulator
		{45F56264-B4ED-451A-8E9B-773E745352C1}.Debug|iPhoneSimulator.Build.0 = Debug|iPhoneSimulator
		{45F56264-B4ED-451A-8E9B-773E745352C1}.Release|Any CPU.ActiveCfg = Release|iPhone
		{45F56264-B4ED-451A-8E9B-773E745352C1}.Release|iPhone.ActiveCfg = Release|iPhone
		{45F56264-B4ED-451A-8E9B-773E745352C1}.Release|iPhone.Build.0 = Release|iPhone
		{45F56264-B4ED-451A-8E9B-773E745352C1}.Release|iPhoneSimulator.ActiveCfg = Release|iPhoneSimulator
		{45F56264-B4ED-451A-8E9B-773E745352C1}.Release|iPhoneSimulator.Build.0 = Release|iPhoneSimulator
		{AE5584EA-8CB8-4325-8E01-0EBD41739965}.Ad-Hoc|Any CPU.ActiveCfg = Debug|Any CPU
		{AE5584EA-8CB8-4325-8E01-0EBD41739965}.Ad-Hoc|Any CPU.Build.0 = Debug|Any CPU
		{AE5584EA-8CB8-4325-8E01-0EBD41739965}.Ad-Hoc|iPhone.ActiveCfg = Debug|Any CPU
		{AE5584EA-8CB8-4325-8E01-0EBD41739965}.Ad-Hoc|iPhone.Build.0 = Debug|Any CPU
		{AE5584EA-8CB8-4325-8E01-0EBD41739965}.Ad-Hoc|iPhoneSimulator.ActiveCfg = Debug|Any CPU
		{AE5584EA-8CB8-4325-8E01-0EBD41739965}.Ad-Hoc|iPhoneSimulator.Build.0 = Debug|Any CPU
		{AE5584EA-8CB8-4325-8E01-0EBD41739965}.AppStore|Any CPU.ActiveCfg = Debug|Any CPU
		{AE5584EA-8CB8-4325-8E01-0EBD41739965}.AppStore|Any CPU.Build.0 = Debug|Any CPU
		{AE5584EA-8CB8-4325-8E01-0EBD41739965}.AppStore|iPhone.ActiveCfg = Debug|Any CPU
		{AE5584EA-8CB8-4325-8E01-0EBD41739965}.AppStore|iPhone.Build.0 = Debug|Any CPU
		{AE5584EA-8CB8-4325-8E01-0EBD41739965}.AppStore|iPhoneSimulator.ActiveCfg = Debug|Any CPU
		{AE5584EA-8CB8-4325-8E01-0EBD41739965}.AppStore|iPhoneSimulator.Build.0 = Debug|Any CPU
		{AE5584EA-8CB8-4325-8E01-0EBD41739965}.Debug|Any CPU.ActiveCfg = Debug|Any CPU
		{AE5584EA-8CB8-4325-8E01-0EBD41739965}.Debug|Any CPU.Build.0 = Debug|Any CPU
		{AE5584EA-8CB8-4325-8E01-0EBD41739965}.Debug|iPhone.ActiveCfg = Debug|Any CPU
		{AE5584EA-8CB8-4325-8E01-0EBD41739965}.Debug|iPhone.Build.0 = Debug|Any CPU
		{AE5584EA-8CB8-4325-8E01-0EBD41739965}.Debug|iPhoneSimulator.ActiveCfg = Debug|Any CPU
		{AE5584EA-8CB8-4325-8E01-0EBD41739965}.Debug|iPhoneSimulator.Build.0 = Debug|Any CPU
		{AE5584EA-8CB8-4325-8E01-0EBD41739965}.Release|Any CPU.ActiveCfg = Release|Any CPU
		{AE5584EA-8CB8-4325-8E01-0EBD41739965}.Release|Any CPU.Build.0 = Release|Any CPU
		{AE5584EA-8CB8-4325-8E01-0EBD41739965}.Release|iPhone.ActiveCfg = Release|Any CPU
		{AE5584EA-8CB8-4325-8E01-0EBD41739965}.Release|iPhone.Build.0 = Release|Any CPU
		{AE5584EA-8CB8-4325-8E01-0EBD41739965}.Release|iPhoneSimulator.ActiveCfg = Release|Any CPU
		{AE5584EA-8CB8-4325-8E01-0EBD41739965}.Release|iPhoneSimulator.Build.0 = Release|Any CPU
	EndGlobalSection
	GlobalSection(SolutionProperties) = preSolution
		HideSolutionNode = FALSE
	EndGlobalSection
	GlobalSection(ExtensibilityGlobals) = postSolution
		SolutionGuid = {78BA9220-3793-4DCF-A9F5-E2A864CC27EF}
	EndGlobalSection
EndGlobal
