
Microsoft Visual Studio Solution File, Format Version 12.00
# Visual Studio 15
VisualStudioVersion = 15.0.28307.645
MinimumVisualStudioVersion = 10.0.40219.1
Project("{FAE04EC0-301F-11D3-BF4B-00C04F79EFBC}") = "XamarinTest2.Android", "XamarinTest2\XamarinTest2.Android\XamarinTest2.Android.csproj", "{C212EA06-5421-4ED4-A8E1-1CF8212185EC}"
EndProject
Project("{FAE04EC0-301F-11D3-BF4B-00C04F79EFBC}") = "XamarinTest2.iOS", "XamarinTest2\XamarinTest2.iOS\XamarinTest2.iOS.csproj", "{B0D5487E-6EE9-49E7-A5FF-B61359553224}"
EndProject
Project("{FAE04EC0-301F-11D3-BF4B-00C04F79EFBC}") = "XamarinTest2", "XamarinTest2\XamarinTest2\XamarinTest2.csproj", "{F3151237-581B-43B6-8ED1-275A57FBEAEC}"
EndProject
Global
	GlobalSection(SolutionConfigurationPlatforms) = preSolution
		Ad-Hoc|Any CPU = Ad-Hoc|Any CPU
		Ad-Hoc|iPhone = Ad-Hoc|iPhone
		Ad-Hoc|iPhoneSimulator = Ad-Hoc|iPhoneSimulator
		AppStore|Any CPU = AppStore|Any CPU
		AppStore|iPhone = AppStore|iPhone
		AppStore|iPhoneSimulator = AppStore|iPhoneSimulator
		Debug|Any CPU = Debug|Any CPU
		Debug|iPhone = Debug|iPhone
		Debug|iPhoneSimulator = Debug|iPhoneSimulator
		Release|Any CPU = Release|Any CPU
		Release|iPhone = Release|iPhone
		Release|iPhoneSimulator = Release|iPhoneSimulator
	EndGlobalSection
	GlobalSection(ProjectConfigurationPlatforms) = postSolution
		{C212EA06-5421-4ED4-A8E1-1CF8212185EC}.Ad-Hoc|Any CPU.ActiveCfg = Release|Any CPU
		{C212EA06-5421-4ED4-A8E1-1CF8212185EC}.Ad-Hoc|Any CPU.Build.0 = Release|Any CPU
		{C212EA06-5421-4ED4-A8E1-1CF8212185EC}.Ad-Hoc|Any CPU.Deploy.0 = Release|Any CPU
		{C212EA06-5421-4ED4-A8E1-1CF8212185EC}.Ad-Hoc|iPhone.ActiveCfg = Release|Any CPU
		{C212EA06-5421-4ED4-A8E1-1CF8212185EC}.Ad-Hoc|iPhone.Build.0 = Release|Any CPU
		{C212EA06-5421-4ED4-A8E1-1CF8212185EC}.Ad-Hoc|iPhone.Deploy.0 = Release|Any CPU
		{C212EA06-5421-4ED4-A8E1-1CF8212185EC}.Ad-Hoc|iPhoneSimulator.ActiveCfg = Release|Any CPU
		{C212EA06-5421-4ED4-A8E1-1CF8212185EC}.Ad-Hoc|iPhoneSimulator.Build.0 = Release|Any CPU
		{C212EA06-5421-4ED4-A8E1-1CF8212185EC}.Ad-Hoc|iPhoneSimulator.Deploy.0 = Release|Any CPU
		{C212EA06-5421-4ED4-A8E1-1CF8212185EC}.AppStore|Any CPU.ActiveCfg = Release|Any CPU
		{C212EA06-5421-4ED4-A8E1-1CF8212185EC}.AppStore|Any CPU.Build.0 = Release|Any CPU
		{C212EA06-5421-4ED4-A8E1-1CF8212185EC}.AppStore|Any CPU.Deploy.0 = Release|Any CPU
		{C212EA06-5421-4ED4-A8E1-1CF8212185EC}.AppStore|iPhone.ActiveCfg = Release|Any CPU
		{C212EA06-5421-4ED4-A8E1-1CF8212185EC}.AppStore|iPhone.Build.0 = Release|Any CPU
		{C212EA06-5421-4ED4-A8E1-1CF8212185EC}.AppStore|iPhone.Deploy.0 = Release|Any CPU
		{C212EA06-5421-4ED4-A8E1-1CF8212185EC}.AppStore|iPhoneSimulator.ActiveCfg = Release|Any CPU
		{C212EA06-5421-4ED4-A8E1-1CF8212185EC}.AppStore|iPhoneSimulator.Build.0 = Release|Any CPU
		{C212EA06-5421-4ED4-A8E1-1CF8212185EC}.AppStore|iPhoneSimulator.Deploy.0 = Release|Any CPU
		{C212EA06-5421-4ED4-A8E1-1CF8212185EC}.Debug|Any CPU.ActiveCfg = Debug|Any CPU
		{C212EA06-5421-4ED4-A8E1-1CF8212185EC}.Debug|Any CPU.Build.0 = Debug|Any CPU
		{C212EA06-5421-4ED4-A8E1-1CF8212185EC}.Debug|Any CPU.Deploy.0 = Debug|Any CPU
		{C212EA06-5421-4ED4-A8E1-1CF8212185EC}.Debug|iPhone.ActiveCfg = Debug|Any CPU
		{C212EA06-5421-4ED4-A8E1-1CF8212185EC}.Debug|iPhone.Build.0 = Debug|Any CPU
		{C212EA06-5421-4ED4-A8E1-1CF8212185EC}.Debug|iPhone.Deploy.0 = Debug|Any CPU
		{C212EA06-5421-4ED4-A8E1-1CF8212185EC}.Debug|iPhoneSimulator.ActiveCfg = Debug|Any CPU
		{C212EA06-5421-4ED4-A8E1-1CF8212185EC}.Debug|iPhoneSimulator.Build.0 = Debug|Any CPU
		{C212EA06-5421-4ED4-A8E1-1CF8212185EC}.Debug|iPhoneSimulator.Deploy.0 = Debug|Any CPU
		{C212EA06-5421-4ED4-A8E1-1CF8212185EC}.Release|Any CPU.ActiveCfg = Release|Any CPU
		{C212EA06-5421-4ED4-A8E1-1CF8212185EC}.Release|Any CPU.Build.0 = Release|Any CPU
		{C212EA06-5421-4ED4-A8E1-1CF8212185EC}.Release|Any CPU.Deploy.0 = Release|Any CPU
		{C212EA06-5421-4ED4-A8E1-1CF8212185EC}.Release|iPhone.ActiveCfg = Release|Any CPU
		{C212EA06-5421-4ED4-A8E1-1CF8212185EC}.Release|iPhone.Build.0 = Release|Any CPU
		{C212EA06-5421-4ED4-A8E1-1CF8212185EC}.Release|iPhone.Deploy.0 = Release|Any CPU
		{C212EA06-5421-4ED4-A8E1-1CF8212185EC}.Release|iPhoneSimulator.ActiveCfg = Release|Any CPU
		{C212EA06-5421-4ED4-A8E1-1CF8212185EC}.Release|iPhoneSimulator.Build.0 = Release|Any CPU
		{C212EA06-5421-4ED4-A8E1-1CF8212185EC}.Release|iPhoneSimulator.Deploy.0 = Release|Any CPU
		{B0D5487E-6EE9-49E7-A5FF-B61359553224}.Ad-Hoc|Any CPU.ActiveCfg = Ad-Hoc|iPhone
		{B0D5487E-6EE9-49E7-A5FF-B61359553224}.Ad-Hoc|Any CPU.Build.0 = Ad-Hoc|iPhone
		{B0D5487E-6EE9-49E7-A5FF-B61359553224}.Ad-Hoc|Any CPU.Deploy.0 = Ad-Hoc|iPhone
		{B0D5487E-6EE9-49E7-A5FF-B61359553224}.Ad-Hoc|iPhone.ActiveCfg = Ad-Hoc|iPhone
		{B0D5487E-6EE9-49E7-A5FF-B61359553224}.Ad-Hoc|iPhone.Build.0 = Ad-Hoc|iPhone
		{B0D5487E-6EE9-49E7-A5FF-B61359553224}.Ad-Hoc|iPhone.Deploy.0 = Ad-Hoc|iPhone
		{B0D5487E-6EE9-49E7-A5FF-B61359553224}.Ad-Hoc|iPhoneSimulator.ActiveCfg = Ad-Hoc|iPhoneSimulator
		{B0D5487E-6EE9-49E7-A5FF-B61359553224}.Ad-Hoc|iPhoneSimulator.Build.0 = Ad-Hoc|iPhoneSimulator
		{B0D5487E-6EE9-49E7-A5FF-B61359553224}.Ad-Hoc|iPhoneSimulator.Deploy.0 = Ad-Hoc|iPhoneSimulator
		{B0D5487E-6EE9-49E7-A5FF-B61359553224}.AppStore|Any CPU.ActiveCfg = AppStore|iPhone
		{B0D5487E-6EE9-49E7-A5FF-B61359553224}.AppStore|Any CPU.Build.0 = AppStore|iPhone
		{B0D5487E-6EE9-49E7-A5FF-B61359553224}.AppStore|Any CPU.Deploy.0 = AppStore|iPhone
		{B0D5487E-6EE9-49E7-A5FF-B61359553224}.AppStore|iPhone.ActiveCfg = AppStore|iPhone
		{B0D5487E-6EE9-49E7-A5FF-B61359553224}.AppStore|iPhone.Build.0 = AppStore|iPhone
		{B0D5487E-6EE9-49E7-A5FF-B61359553224}.AppStore|iPhone.Deploy.0 = AppStore|iPhone
		{B0D5487E-6EE9-49E7-A5FF-B61359553224}.AppStore|iPhoneSimulator.ActiveCfg = AppStore|iPhoneSimulator
		{B0D5487E-6EE9-49E7-A5FF-B61359553224}.AppStore|iPhoneSimulator.Build.0 = AppStore|iPhoneSimulator
		{B0D5487E-6EE9-49E7-A5FF-B61359553224}.AppStore|iPhoneSimulator.Deploy.0 = AppStore|iPhoneSimulator
		{B0D5487E-6EE9-49E7-A5FF-B61359553224}.Debug|Any CPU.ActiveCfg = Debug|iPhoneSimulator
		{B0D5487E-6EE9-49E7-A5FF-B61359553224}.Debug|Any CPU.Build.0 = Debug|iPhoneSimulator
		{B0D5487E-6EE9-49E7-A5FF-B61359553224}.Debug|Any CPU.Deploy.0 = Debug|iPhoneSimulator
		{B0D5487E-6EE9-49E7-A5FF-B61359553224}.Debug|iPhone.ActiveCfg = Debug|iPhone
		{B0D5487E-6EE9-49E7-A5FF-B61359553224}.Debug|iPhone.Build.0 = Debug|iPhone
		{B0D5487E-6EE9-49E7-A5FF-B61359553224}.Debug|iPhone.Deploy.0 = Debug|iPhone
		{B0D5487E-6EE9-49E7-A5FF-B61359553224}.Debug|iPhoneSimulator.ActiveCfg = Debug|iPhoneSimulator
		{B0D5487E-6EE9-49E7-A5FF-B61359553224}.Debug|iPhoneSimulator.Build.0 = Debug|iPhoneSimulator
		{B0D5487E-6EE9-49E7-A5FF-B61359553224}.Debug|iPhoneSimulator.Deploy.0 = Debug|iPhoneSimulator
		{B0D5487E-6EE9-49E7-A5FF-B61359553224}.Release|Any CPU.ActiveCfg = Release|iPhone
		{B0D5487E-6EE9-49E7-A5FF-B61359553224}.Release|Any CPU.Build.0 = Release|iPhone
		{B0D5487E-6EE9-49E7-A5FF-B61359553224}.Release|Any CPU.Deploy.0 = Release|iPhone
		{B0D5487E-6EE9-49E7-A5FF-B61359553224}.Release|iPhone.ActiveCfg = Release|iPhone
		{B0D5487E-6EE9-49E7-A5FF-B61359553224}.Release|iPhone.Build.0 = Release|iPhone
		{B0D5487E-6EE9-49E7-A5FF-B61359553224}.Release|iPhone.Deploy.0 = Release|iPhone
		{B0D5487E-6EE9-49E7-A5FF-B61359553224}.Release|iPhoneSimulator.ActiveCfg = Release|iPhoneSimulator
		{B0D5487E-6EE9-49E7-A5FF-B61359553224}.Release|iPhoneSimulator.Build.0 = Release|iPhoneSimulator
		{B0D5487E-6EE9-49E7-A5FF-B61359553224}.Release|iPhoneSimulator.Deploy.0 = Release|iPhoneSimulator
		{F3151237-581B-43B6-8ED1-275A57FBEAEC}.Ad-Hoc|Any CPU.ActiveCfg = Debug|Any CPU
		{F3151237-581B-43B6-8ED1-275A57FBEAEC}.Ad-Hoc|Any CPU.Build.0 = Debug|Any CPU
		{F3151237-581B-43B6-8ED1-275A57FBEAEC}.Ad-Hoc|Any CPU.Deploy.0 = Debug|Any CPU
		{F3151237-581B-43B6-8ED1-275A57FBEAEC}.Ad-Hoc|iPhone.ActiveCfg = Debug|Any CPU
		{F3151237-581B-43B6-8ED1-275A57FBEAEC}.Ad-Hoc|iPhone.Build.0 = Debug|Any CPU
		{F3151237-581B-43B6-8ED1-275A57FBEAEC}.Ad-Hoc|iPhone.Deploy.0 = Debug|Any CPU
		{F3151237-581B-43B6-8ED1-275A57FBEAEC}.Ad-Hoc|iPhoneSimulator.ActiveCfg = Debug|Any CPU
		{F3151237-581B-43B6-8ED1-275A57FBEAEC}.Ad-Hoc|iPhoneSimulator.Build.0 = Debug|Any CPU
		{F3151237-581B-43B6-8ED1-275A57FBEAEC}.Ad-Hoc|iPhoneSimulator.Deploy.0 = Debug|Any CPU
		{F3151237-581B-43B6-8ED1-275A57FBEAEC}.AppStore|Any CPU.ActiveCfg = Debug|Any CPU
		{F3151237-581B-43B6-8ED1-275A57FBEAEC}.AppStore|Any CPU.Build.0 = Debug|Any CPU
		{F3151237-581B-43B6-8ED1-275A57FBEAEC}.AppStore|Any CPU.Deploy.0 = Debug|Any CPU
		{F3151237-581B-43B6-8ED1-275A57FBEAEC}.AppStore|iPhone.ActiveCfg = Debug|Any CPU
		{F3151237-581B-43B6-8ED1-275A57FBEAEC}.AppStore|iPhone.Build.0 = Debug|Any CPU
		{F3151237-581B-43B6-8ED1-275A57FBEAEC}.AppStore|iPhone.Deploy.0 = Debug|Any CPU
		{F3151237-581B-43B6-8ED1-275A57FBEAEC}.AppStore|iPhoneSimulator.ActiveCfg = Debug|Any CPU
		{F3151237-581B-43B6-8ED1-275A57FBEAEC}.AppStore|iPhoneSimulator.Build.0 = Debug|Any CPU
		{F3151237-581B-43B6-8ED1-275A57FBEAEC}.AppStore|iPhoneSimulator.Deploy.0 = Debug|Any CPU
		{F3151237-581B-43B6-8ED1-275A57FBEAEC}.Debug|Any CPU.ActiveCfg = Debug|Any CPU
		{F3151237-581B-43B6-8ED1-275A57FBEAEC}.Debug|Any CPU.Build.0 = Debug|Any CPU
		{F3151237-581B-43B6-8ED1-275A57FBEAEC}.Debug|Any CPU.Deploy.0 = Debug|Any CPU
		{F3151237-581B-43B6-8ED1-275A57FBEAEC}.Debug|iPhone.ActiveCfg = Debug|Any CPU
		{F3151237-581B-43B6-8ED1-275A57FBEAEC}.Debug|iPhone.Build.0 = Debug|Any CPU
		{F3151237-581B-43B6-8ED1-275A57FBEAEC}.Debug|iPhone.Deploy.0 = Debug|Any CPU
		{F3151237-581B-43B6-8ED1-275A57FBEAEC}.Debug|iPhoneSimulator.ActiveCfg = Debug|Any CPU
		{F3151237-581B-43B6-8ED1-275A57FBEAEC}.Debug|iPhoneSimulator.Build.0 = Debug|Any CPU
		{F3151237-581B-43B6-8ED1-275A57FBEAEC}.Debug|iPhoneSimulator.Deploy.0 = Debug|Any CPU
		{F3151237-581B-43B6-8ED1-275A57FBEAEC}.Release|Any CPU.ActiveCfg = Release|Any CPU
		{F3151237-581B-43B6-8ED1-275A57FBEAEC}.Release|Any CPU.Build.0 = Release|Any CPU
		{F3151237-581B-43B6-8ED1-275A57FBEAEC}.Release|Any CPU.Deploy.0 = Release|Any CPU
		{F3151237-581B-43B6-8ED1-275A57FBEAEC}.Release|iPhone.ActiveCfg = Release|Any CPU
		{F3151237-581B-43B6-8ED1-275A57FBEAEC}.Release|iPhone.Build.0 = Release|Any CPU
		{F3151237-581B-43B6-8ED1-275A57FBEAEC}.Release|iPhone.Deploy.0 = Release|Any CPU
		{F3151237-581B-43B6-8ED1-275A57FBEAEC}.Release|iPhoneSimulator.ActiveCfg = Release|Any CPU
		{F3151237-581B-43B6-8ED1-275A57FBEAEC}.Release|iPhoneSimulator.Build.0 = Release|Any CPU
		{F3151237-581B-43B6-8ED1-275A57FBEAEC}.Release|iPhoneSimulator.Deploy.0 = Release|Any CPU
	EndGlobalSection
	GlobalSection(SolutionProperties) = preSolution
		HideSolutionNode = FALSE
	EndGlobalSection
	GlobalSection(ExtensibilityGlobals) = postSolution
		SolutionGuid = {19BD350F-095C-4E29-9406-AFECBE3A7DE1}
	EndGlobalSection
EndGlobal
