
Microsoft Visual Studio Solution File, Format Version 12.00
# Visual Studio 15
VisualStudioVersion = 15.0.27130.2027
MinimumVisualStudioVersion = 10.0.40219.1
Project("{FAE04EC0-301F-11D3-BF4B-00C04F79EFBC}") = "XamarinPickerWithNavigation.Android", "XamarinPickerWithNavigation\XamarinPickerWithNavigation.Android\XamarinPickerWithNavigation.Android.csproj", "{A487643D-E45F-4BF5-97A4-D4479343EA6F}"
EndProject
Project("{FAE04EC0-301F-11D3-BF4B-00C04F79EFBC}") = "XamarinPickerWithNavigation.iOS", "XamarinPickerWithNavigation\XamarinPickerWithNavigation.iOS\XamarinPickerWithNavigation.iOS.csproj", "{D73CCAF7-4FE9-411A-9DCF-E9EA9C300148}"
EndProject
Project("{FAE04EC0-301F-11D3-BF4B-00C04F79EFBC}") = "XamarinPickerWithNavigation", "XamarinPickerWithNavigation\XamarinPickerWithNavigation\XamarinPickerWithNavigation.csproj", "{0013A27B-DA2A-4E03-A7CF-1CAE92DB5225}"
EndProject
Global
	GlobalSection(SolutionConfigurationPlatforms) = preSolution
		Ad-Hoc|Any CPU = Ad-Hoc|Any CPU
		Ad-Hoc|iPhone = Ad-Hoc|iPhone
		Ad-Hoc|iPhoneSimulator = Ad-Hoc|iPhoneSimulator
		AppStore|Any CPU = AppStore|Any CPU
		AppStore|iPhone = AppStore|iPhone
		AppStore|iPhoneSimulator = AppStore|iPhoneSimulator
		Debug|Any CPU = Debug|Any CPU
		Debug|iPhone = Debug|iPhone
		Debug|iPhoneSimulator = Debug|iPhoneSimulator
		Release|Any CPU = Release|Any CPU
		Release|iPhone = Release|iPhone
		Release|iPhoneSimulator = Release|iPhoneSimulator
	EndGlobalSection
	GlobalSection(ProjectConfigurationPlatforms) = postSolution
		{A487643D-E45F-4BF5-97A4-D4479343EA6F}.Ad-Hoc|Any CPU.ActiveCfg = Release|Any CPU
		{A487643D-E45F-4BF5-97A4-D4479343EA6F}.Ad-Hoc|Any CPU.Build.0 = Release|Any CPU
		{A487643D-E45F-4BF5-97A4-D4479343EA6F}.Ad-Hoc|Any CPU.Deploy.0 = Release|Any CPU
		{A487643D-E45F-4BF5-97A4-D4479343EA6F}.Ad-Hoc|iPhone.ActiveCfg = Release|Any CPU
		{A487643D-E45F-4BF5-97A4-D4479343EA6F}.Ad-Hoc|iPhone.Build.0 = Release|Any CPU
		{A487643D-E45F-4BF5-97A4-D4479343EA6F}.Ad-Hoc|iPhone.Deploy.0 = Release|Any CPU
		{A487643D-E45F-4BF5-97A4-D4479343EA6F}.Ad-Hoc|iPhoneSimulator.ActiveCfg = Release|Any CPU
		{A487643D-E45F-4BF5-97A4-D4479343EA6F}.Ad-Hoc|iPhoneSimulator.Build.0 = Release|Any CPU
		{A487643D-E45F-4BF5-97A4-D4479343EA6F}.Ad-Hoc|iPhoneSimulator.Deploy.0 = Release|Any CPU
		{A487643D-E45F-4BF5-97A4-D4479343EA6F}.AppStore|Any CPU.ActiveCfg = Release|Any CPU
		{A487643D-E45F-4BF5-97A4-D4479343EA6F}.AppStore|Any CPU.Build.0 = Release|Any CPU
		{A487643D-E45F-4BF5-97A4-D4479343EA6F}.AppStore|Any CPU.Deploy.0 = Release|Any CPU
		{A487643D-E45F-4BF5-97A4-D4479343EA6F}.AppStore|iPhone.ActiveCfg = Release|Any CPU
		{A487643D-E45F-4BF5-97A4-D4479343EA6F}.AppStore|iPhone.Build.0 = Release|Any CPU
		{A487643D-E45F-4BF5-97A4-D4479343EA6F}.AppStore|iPhone.Deploy.0 = Release|Any CPU
		{A487643D-E45F-4BF5-97A4-D4479343EA6F}.AppStore|iPhoneSimulator.ActiveCfg = Release|Any CPU
		{A487643D-E45F-4BF5-97A4-D4479343EA6F}.AppStore|iPhoneSimulator.Build.0 = Release|Any CPU
		{A487643D-E45F-4BF5-97A4-D4479343EA6F}.AppStore|iPhoneSimulator.Deploy.0 = Release|Any CPU
		{A487643D-E45F-4BF5-97A4-D4479343EA6F}.Debug|Any CPU.ActiveCfg = Debug|Any CPU
		{A487643D-E45F-4BF5-97A4-D4479343EA6F}.Debug|Any CPU.Build.0 = Debug|Any CPU
		{A487643D-E45F-4BF5-97A4-D4479343EA6F}.Debug|Any CPU.Deploy.0 = Debug|Any CPU
		{A487643D-E45F-4BF5-97A4-D4479343EA6F}.Debug|iPhone.ActiveCfg = Debug|Any CPU
		{A487643D-E45F-4BF5-97A4-D4479343EA6F}.Debug|iPhone.Build.0 = Debug|Any CPU
		{A487643D-E45F-4BF5-97A4-D4479343EA6F}.Debug|iPhone.Deploy.0 = Debug|Any CPU
		{A487643D-E45F-4BF5-97A4-D4479343EA6F}.Debug|iPhoneSimulator.ActiveCfg = Debug|Any CPU
		{A487643D-E45F-4BF5-97A4-D4479343EA6F}.Debug|iPhoneSimulator.Build.0 = Debug|Any CPU
		{A487643D-E45F-4BF5-97A4-D4479343EA6F}.Debug|iPhoneSimulator.Deploy.0 = Debug|Any CPU
		{A487643D-E45F-4BF5-97A4-D4479343EA6F}.Release|Any CPU.ActiveCfg = Release|Any CPU
		{A487643D-E45F-4BF5-97A4-D4479343EA6F}.Release|Any CPU.Build.0 = Release|Any CPU
		{A487643D-E45F-4BF5-97A4-D4479343EA6F}.Release|Any CPU.Deploy.0 = Release|Any CPU
		{A487643D-E45F-4BF5-97A4-D4479343EA6F}.Release|iPhone.ActiveCfg = Release|Any CPU
		{A487643D-E45F-4BF5-97A4-D4479343EA6F}.Release|iPhone.Build.0 = Release|Any CPU
		{A487643D-E45F-4BF5-97A4-D4479343EA6F}.Release|iPhone.Deploy.0 = Release|Any CPU
		{A487643D-E45F-4BF5-97A4-D4479343EA6F}.Release|iPhoneSimulator.ActiveCfg = Release|Any CPU
		{A487643D-E45F-4BF5-97A4-D4479343EA6F}.Release|iPhoneSimulator.Build.0 = Release|Any CPU
		{A487643D-E45F-4BF5-97A4-D4479343EA6F}.Release|iPhoneSimulator.Deploy.0 = Release|Any CPU
		{D73CCAF7-4FE9-411A-9DCF-E9EA9C300148}.Ad-Hoc|Any CPU.ActiveCfg = Ad-Hoc|iPhone
		{D73CCAF7-4FE9-411A-9DCF-E9EA9C300148}.Ad-Hoc|iPhone.ActiveCfg = Ad-Hoc|iPhone
		{D73CCAF7-4FE9-411A-9DCF-E9EA9C300148}.Ad-Hoc|iPhone.Build.0 = Ad-Hoc|iPhone
		{D73CCAF7-4FE9-411A-9DCF-E9EA9C300148}.Ad-Hoc|iPhoneSimulator.ActiveCfg = Ad-Hoc|iPhoneSimulator
		{D73CCAF7-4FE9-411A-9DCF-E9EA9C300148}.Ad-Hoc|iPhoneSimulator.Build.0 = Ad-Hoc|iPhoneSimulator
		{D73CCAF7-4FE9-411A-9DCF-E9EA9C300148}.AppStore|Any CPU.ActiveCfg = AppStore|iPhone
		{D73CCAF7-4FE9-411A-9DCF-E9EA9C300148}.AppStore|iPhone.ActiveCfg = AppStore|iPhone
		{D73CCAF7-4FE9-411A-9DCF-E9EA9C300148}.AppStore|iPhone.Build.0 = AppStore|iPhone
		{D73CCAF7-4FE9-411A-9DCF-E9EA9C300148}.AppStore|iPhoneSimulator.ActiveCfg = AppStore|iPhoneSimulator
		{D73CCAF7-4FE9-411A-9DCF-E9EA9C300148}.AppStore|iPhoneSimulator.Build.0 = AppStore|iPhoneSimulator
		{D73CCAF7-4FE9-411A-9DCF-E9EA9C300148}.Debug|Any CPU.ActiveCfg = Debug|iPhone
		{D73CCAF7-4FE9-411A-9DCF-E9EA9C300148}.Debug|iPhone.ActiveCfg = Debug|iPhone
		{D73CCAF7-4FE9-411A-9DCF-E9EA9C300148}.Debug|iPhone.Build.0 = Debug|iPhone
		{D73CCAF7-4FE9-411A-9DCF-E9EA9C300148}.Debug|iPhoneSimulator.ActiveCfg = Debug|iPhoneSimulator
		{D73CCAF7-4FE9-411A-9DCF-E9EA9C300148}.Debug|iPhoneSimulator.Build.0 = Debug|iPhoneSimulator
		{D73CCAF7-4FE9-411A-9DCF-E9EA9C300148}.Release|Any CPU.ActiveCfg = Release|iPhone
		{D73CCAF7-4FE9-411A-9DCF-E9EA9C300148}.Release|iPhone.ActiveCfg = Release|iPhone
		{D73CCAF7-4FE9-411A-9DCF-E9EA9C300148}.Release|iPhone.Build.0 = Release|iPhone
		{D73CCAF7-4FE9-411A-9DCF-E9EA9C300148}.Release|iPhoneSimulator.ActiveCfg = Release|iPhoneSimulator
		{D73CCAF7-4FE9-411A-9DCF-E9EA9C300148}.Release|iPhoneSimulator.Build.0 = Release|iPhoneSimulator
		{0013A27B-DA2A-4E03-A7CF-1CAE92DB5225}.Ad-Hoc|Any CPU.ActiveCfg = Debug|Any CPU
		{0013A27B-DA2A-4E03-A7CF-1CAE92DB5225}.Ad-Hoc|Any CPU.Build.0 = Debug|Any CPU
		{0013A27B-DA2A-4E03-A7CF-1CAE92DB5225}.Ad-Hoc|iPhone.ActiveCfg = Debug|Any CPU
		{0013A27B-DA2A-4E03-A7CF-1CAE92DB5225}.Ad-Hoc|iPhone.Build.0 = Debug|Any CPU
		{0013A27B-DA2A-4E03-A7CF-1CAE92DB5225}.Ad-Hoc|iPhoneSimulator.ActiveCfg = Debug|Any CPU
		{0013A27B-DA2A-4E03-A7CF-1CAE92DB5225}.Ad-Hoc|iPhoneSimulator.Build.0 = Debug|Any CPU
		{0013A27B-DA2A-4E03-A7CF-1CAE92DB5225}.AppStore|Any CPU.ActiveCfg = Debug|Any CPU
		{0013A27B-DA2A-4E03-A7CF-1CAE92DB5225}.AppStore|Any CPU.Build.0 = Debug|Any CPU
		{0013A27B-DA2A-4E03-A7CF-1CAE92DB5225}.AppStore|iPhone.ActiveCfg = Debug|Any CPU
		{0013A27B-DA2A-4E03-A7CF-1CAE92DB5225}.AppStore|iPhone.Build.0 = Debug|Any CPU
		{0013A27B-DA2A-4E03-A7CF-1CAE92DB5225}.AppStore|iPhoneSimulator.ActiveCfg = Debug|Any CPU
		{0013A27B-DA2A-4E03-A7CF-1CAE92DB5225}.AppStore|iPhoneSimulator.Build.0 = Debug|Any CPU
		{0013A27B-DA2A-4E03-A7CF-1CAE92DB5225}.Debug|Any CPU.ActiveCfg = Debug|Any CPU
		{0013A27B-DA2A-4E03-A7CF-1CAE92DB5225}.Debug|Any CPU.Build.0 = Debug|Any CPU
		{0013A27B-DA2A-4E03-A7CF-1CAE92DB5225}.Debug|iPhone.ActiveCfg = Debug|Any CPU
		{0013A27B-DA2A-4E03-A7CF-1CAE92DB5225}.Debug|iPhone.Build.0 = Debug|Any CPU
		{0013A27B-DA2A-4E03-A7CF-1CAE92DB5225}.Debug|iPhoneSimulator.ActiveCfg = Debug|Any CPU
		{0013A27B-DA2A-4E03-A7CF-1CAE92DB5225}.Debug|iPhoneSimulator.Build.0 = Debug|Any CPU
		{0013A27B-DA2A-4E03-A7CF-1CAE92DB5225}.Release|Any CPU.ActiveCfg = Release|Any CPU
		{0013A27B-DA2A-4E03-A7CF-1CAE92DB5225}.Release|Any CPU.Build.0 = Release|Any CPU
		{0013A27B-DA2A-4E03-A7CF-1CAE92DB5225}.Release|iPhone.ActiveCfg = Release|Any CPU
		{0013A27B-DA2A-4E03-A7CF-1CAE92DB5225}.Release|iPhone.Build.0 = Release|Any CPU
		{0013A27B-DA2A-4E03-A7CF-1CAE92DB5225}.Release|iPhoneSimulator.ActiveCfg = Release|Any CPU
		{0013A27B-DA2A-4E03-A7CF-1CAE92DB5225}.Release|iPhoneSimulator.Build.0 = Release|Any CPU
	EndGlobalSection
	GlobalSection(SolutionProperties) = preSolution
		HideSolutionNode = FALSE
	EndGlobalSection
	GlobalSection(ExtensibilityGlobals) = postSolution
		SolutionGuid = {4420525A-04A5-4F9C-A885-60948C3201E9}
	EndGlobalSection
EndGlobal
