
Microsoft Visual Studio Solution File, Format Version 12.00
# Visual Studio 15
VisualStudioVersion = 15.0.27130.2024
MinimumVisualStudioVersion = 10.0.40219.1
Project("{FAE04EC0-301F-11D3-BF4B-00C04F79EFBC}") = "XamarinLists.Android", "XamarinLists\XamarinLists.Android\XamarinLists.Android.csproj", "{BA701552-2071-4E46-95DF-8B20E201B686}"
EndProject
Project("{FAE04EC0-301F-11D3-BF4B-00C04F79EFBC}") = "XamarinLists.iOS", "XamarinLists\XamarinLists.iOS\XamarinLists.iOS.csproj", "{C91A5855-C209-4C1D-87D5-237BA04914F5}"
EndProject
Project("{FAE04EC0-301F-11D3-BF4B-00C04F79EFBC}") = "XamarinLists", "XamarinLists\XamarinLists\XamarinLists.csproj", "{9F0D219F-F5E5-48A5-AE6D-1E7DA20DEA8F}"
EndProject
Global
	GlobalSection(SolutionConfigurationPlatforms) = preSolution
		Ad-Hoc|Any CPU = Ad-Hoc|Any CPU
		Ad-Hoc|iPhone = Ad-Hoc|iPhone
		Ad-Hoc|iPhoneSimulator = Ad-Hoc|iPhoneSimulator
		AppStore|Any CPU = AppStore|Any CPU
		AppStore|iPhone = AppStore|iPhone
		AppStore|iPhoneSimulator = AppStore|iPhoneSimulator
		Debug|Any CPU = Debug|Any CPU
		Debug|iPhone = Debug|iPhone
		Debug|iPhoneSimulator = Debug|iPhoneSimulator
		Release|Any CPU = Release|Any CPU
		Release|iPhone = Release|iPhone
		Release|iPhoneSimulator = Release|iPhoneSimulator
	EndGlobalSection
	GlobalSection(ProjectConfigurationPlatforms) = postSolution
		{BA701552-2071-4E46-95DF-8B20E201B686}.Ad-Hoc|Any CPU.ActiveCfg = Release|Any CPU
		{BA701552-2071-4E46-95DF-8B20E201B686}.Ad-Hoc|Any CPU.Build.0 = Release|Any CPU
		{BA701552-2071-4E46-95DF-8B20E201B686}.Ad-Hoc|Any CPU.Deploy.0 = Release|Any CPU
		{BA701552-2071-4E46-95DF-8B20E201B686}.Ad-Hoc|iPhone.ActiveCfg = Release|Any CPU
		{BA701552-2071-4E46-95DF-8B20E201B686}.Ad-Hoc|iPhone.Build.0 = Release|Any CPU
		{BA701552-2071-4E46-95DF-8B20E201B686}.Ad-Hoc|iPhone.Deploy.0 = Release|Any CPU
		{BA701552-2071-4E46-95DF-8B20E201B686}.Ad-Hoc|iPhoneSimulator.ActiveCfg = Release|Any CPU
		{BA701552-2071-4E46-95DF-8B20E201B686}.Ad-Hoc|iPhoneSimulator.Build.0 = Release|Any CPU
		{BA701552-2071-4E46-95DF-8B20E201B686}.Ad-Hoc|iPhoneSimulator.Deploy.0 = Release|Any CPU
		{BA701552-2071-4E46-95DF-8B20E201B686}.AppStore|Any CPU.ActiveCfg = Release|Any CPU
		{BA701552-2071-4E46-95DF-8B20E201B686}.AppStore|Any CPU.Build.0 = Release|Any CPU
		{BA701552-2071-4E46-95DF-8B20E201B686}.AppStore|Any CPU.Deploy.0 = Release|Any CPU
		{BA701552-2071-4E46-95DF-8B20E201B686}.AppStore|iPhone.ActiveCfg = Release|Any CPU
		{BA701552-2071-4E46-95DF-8B20E201B686}.AppStore|iPhone.Build.0 = Release|Any CPU
		{BA701552-2071-4E46-95DF-8B20E201B686}.AppStore|iPhone.Deploy.0 = Release|Any CPU
		{BA701552-2071-4E46-95DF-8B20E201B686}.AppStore|iPhoneSimulator.ActiveCfg = Release|Any CPU
		{BA701552-2071-4E46-95DF-8B20E201B686}.AppStore|iPhoneSimulator.Build.0 = Release|Any CPU
		{BA701552-2071-4E46-95DF-8B20E201B686}.AppStore|iPhoneSimulator.Deploy.0 = Release|Any CPU
		{BA701552-2071-4E46-95DF-8B20E201B686}.Debug|Any CPU.ActiveCfg = Debug|Any CPU
		{BA701552-2071-4E46-95DF-8B20E201B686}.Debug|Any CPU.Build.0 = Debug|Any CPU
		{BA701552-2071-4E46-95DF-8B20E201B686}.Debug|Any CPU.Deploy.0 = Debug|Any CPU
		{BA701552-2071-4E46-95DF-8B20E201B686}.Debug|iPhone.ActiveCfg = Debug|Any CPU
		{BA701552-2071-4E46-95DF-8B20E201B686}.Debug|iPhone.Build.0 = Debug|Any CPU
		{BA701552-2071-4E46-95DF-8B20E201B686}.Debug|iPhone.Deploy.0 = Debug|Any CPU
		{BA701552-2071-4E46-95DF-8B20E201B686}.Debug|iPhoneSimulator.ActiveCfg = Debug|Any CPU
		{BA701552-2071-4E46-95DF-8B20E201B686}.Debug|iPhoneSimulator.Build.0 = Debug|Any CPU
		{BA701552-2071-4E46-95DF-8B20E201B686}.Debug|iPhoneSimulator.Deploy.0 = Debug|Any CPU
		{BA701552-2071-4E46-95DF-8B20E201B686}.Release|Any CPU.ActiveCfg = Release|Any CPU
		{BA701552-2071-4E46-95DF-8B20E201B686}.Release|Any CPU.Build.0 = Release|Any CPU
		{BA701552-2071-4E46-95DF-8B20E201B686}.Release|Any CPU.Deploy.0 = Release|Any CPU
		{BA701552-2071-4E46-95DF-8B20E201B686}.Release|iPhone.ActiveCfg = Release|Any CPU
		{BA701552-2071-4E46-95DF-8B20E201B686}.Release|iPhone.Build.0 = Release|Any CPU
		{BA701552-2071-4E46-95DF-8B20E201B686}.Release|iPhone.Deploy.0 = Release|Any CPU
		{BA701552-2071-4E46-95DF-8B20E201B686}.Release|iPhoneSimulator.ActiveCfg = Release|Any CPU
		{BA701552-2071-4E46-95DF-8B20E201B686}.Release|iPhoneSimulator.Build.0 = Release|Any CPU
		{BA701552-2071-4E46-95DF-8B20E201B686}.Release|iPhoneSimulator.Deploy.0 = Release|Any CPU
		{C91A5855-C209-4C1D-87D5-237BA04914F5}.Ad-Hoc|Any CPU.ActiveCfg = Ad-Hoc|iPhone
		{C91A5855-C209-4C1D-87D5-237BA04914F5}.Ad-Hoc|iPhone.ActiveCfg = Ad-Hoc|iPhone
		{C91A5855-C209-4C1D-87D5-237BA04914F5}.Ad-Hoc|iPhone.Build.0 = Ad-Hoc|iPhone
		{C91A5855-C209-4C1D-87D5-237BA04914F5}.Ad-Hoc|iPhoneSimulator.ActiveCfg = Ad-Hoc|iPhoneSimulator
		{C91A5855-C209-4C1D-87D5-237BA04914F5}.Ad-Hoc|iPhoneSimulator.Build.0 = Ad-Hoc|iPhoneSimulator
		{C91A5855-C209-4C1D-87D5-237BA04914F5}.AppStore|Any CPU.ActiveCfg = AppStore|iPhone
		{C91A5855-C209-4C1D-87D5-237BA04914F5}.AppStore|iPhone.ActiveCfg = AppStore|iPhone
		{C91A5855-C209-4C1D-87D5-237BA04914F5}.AppStore|iPhone.Build.0 = AppStore|iPhone
		{C91A5855-C209-4C1D-87D5-237BA04914F5}.AppStore|iPhoneSimulator.ActiveCfg = AppStore|iPhoneSimulator
		{C91A5855-C209-4C1D-87D5-237BA04914F5}.AppStore|iPhoneSimulator.Build.0 = AppStore|iPhoneSimulator
		{C91A5855-C209-4C1D-87D5-237BA04914F5}.Debug|Any CPU.ActiveCfg = Debug|iPhone
		{C91A5855-C209-4C1D-87D5-237BA04914F5}.Debug|iPhone.ActiveCfg = Debug|iPhone
		{C91A5855-C209-4C1D-87D5-237BA04914F5}.Debug|iPhone.Build.0 = Debug|iPhone
		{C91A5855-C209-4C1D-87D5-237BA04914F5}.Debug|iPhoneSimulator.ActiveCfg = Debug|iPhoneSimulator
		{C91A5855-C209-4C1D-87D5-237BA04914F5}.Debug|iPhoneSimulator.Build.0 = Debug|iPhoneSimulator
		{C91A5855-C209-4C1D-87D5-237BA04914F5}.Release|Any CPU.ActiveCfg = Release|iPhone
		{C91A5855-C209-4C1D-87D5-237BA04914F5}.Release|iPhone.ActiveCfg = Release|iPhone
		{C91A5855-C209-4C1D-87D5-237BA04914F5}.Release|iPhone.Build.0 = Release|iPhone
		{C91A5855-C209-4C1D-87D5-237BA04914F5}.Release|iPhoneSimulator.ActiveCfg = Release|iPhoneSimulator
		{C91A5855-C209-4C1D-87D5-237BA04914F5}.Release|iPhoneSimulator.Build.0 = Release|iPhoneSimulator
		{9F0D219F-F5E5-48A5-AE6D-1E7DA20DEA8F}.Ad-Hoc|Any CPU.ActiveCfg = Debug|Any CPU
		{9F0D219F-F5E5-48A5-AE6D-1E7DA20DEA8F}.Ad-Hoc|Any CPU.Build.0 = Debug|Any CPU
		{9F0D219F-F5E5-48A5-AE6D-1E7DA20DEA8F}.Ad-Hoc|iPhone.ActiveCfg = Debug|Any CPU
		{9F0D219F-F5E5-48A5-AE6D-1E7DA20DEA8F}.Ad-Hoc|iPhone.Build.0 = Debug|Any CPU
		{9F0D219F-F5E5-48A5-AE6D-1E7DA20DEA8F}.Ad-Hoc|iPhoneSimulator.ActiveCfg = Debug|Any CPU
		{9F0D219F-F5E5-48A5-AE6D-1E7DA20DEA8F}.Ad-Hoc|iPhoneSimulator.Build.0 = Debug|Any CPU
		{9F0D219F-F5E5-48A5-AE6D-1E7DA20DEA8F}.AppStore|Any CPU.ActiveCfg = Debug|Any CPU
		{9F0D219F-F5E5-48A5-AE6D-1E7DA20DEA8F}.AppStore|Any CPU.Build.0 = Debug|Any CPU
		{9F0D219F-F5E5-48A5-AE6D-1E7DA20DEA8F}.AppStore|iPhone.ActiveCfg = Debug|Any CPU
		{9F0D219F-F5E5-48A5-AE6D-1E7DA20DEA8F}.AppStore|iPhone.Build.0 = Debug|Any CPU
		{9F0D219F-F5E5-48A5-AE6D-1E7DA20DEA8F}.AppStore|iPhoneSimulator.ActiveCfg = Debug|Any CPU
		{9F0D219F-F5E5-48A5-AE6D-1E7DA20DEA8F}.AppStore|iPhoneSimulator.Build.0 = Debug|Any CPU
		{9F0D219F-F5E5-48A5-AE6D-1E7DA20DEA8F}.Debug|Any CPU.ActiveCfg = Debug|Any CPU
		{9F0D219F-F5E5-48A5-AE6D-1E7DA20DEA8F}.Debug|Any CPU.Build.0 = Debug|Any CPU
		{9F0D219F-F5E5-48A5-AE6D-1E7DA20DEA8F}.Debug|iPhone.ActiveCfg = Debug|Any CPU
		{9F0D219F-F5E5-48A5-AE6D-1E7DA20DEA8F}.Debug|iPhone.Build.0 = Debug|Any CPU
		{9F0D219F-F5E5-48A5-AE6D-1E7DA20DEA8F}.Debug|iPhoneSimulator.ActiveCfg = Debug|Any CPU
		{9F0D219F-F5E5-48A5-AE6D-1E7DA20DEA8F}.Debug|iPhoneSimulator.Build.0 = Debug|Any CPU
		{9F0D219F-F5E5-48A5-AE6D-1E7DA20DEA8F}.Release|Any CPU.ActiveCfg = Release|Any CPU
		{9F0D219F-F5E5-48A5-AE6D-1E7DA20DEA8F}.Release|Any CPU.Build.0 = Release|Any CPU
		{9F0D219F-F5E5-48A5-AE6D-1E7DA20DEA8F}.Release|iPhone.ActiveCfg = Release|Any CPU
		{9F0D219F-F5E5-48A5-AE6D-1E7DA20DEA8F}.Release|iPhone.Build.0 = Release|Any CPU
		{9F0D219F-F5E5-48A5-AE6D-1E7DA20DEA8F}.Release|iPhoneSimulator.ActiveCfg = Release|Any CPU
		{9F0D219F-F5E5-48A5-AE6D-1E7DA20DEA8F}.Release|iPhoneSimulator.Build.0 = Release|Any CPU
	EndGlobalSection
	GlobalSection(SolutionProperties) = preSolution
		HideSolutionNode = FALSE
	EndGlobalSection
	GlobalSection(ExtensibilityGlobals) = postSolution
		SolutionGuid = {B0D3CDF0-806E-475D-B316-14BFB0700DBC}
	EndGlobalSection
EndGlobal
